// !$*UTF8*$!
{
	archiveVersion = 1;
	classes = {
	};
	objectVersion = 56;
	objects = {

/* Begin PBXBuildFile section */
		8425B2602CFAC6790072A43F /* AppDelegate.swift in Sources */ = {isa = PBXBuildFile; fileRef = 8425B25F2CFAC6790072A43F /* AppDelegate.swift */; };
		8425B2622CFAC6790072A43F /* SceneDelegate.swift in Sources */ = {isa = PBXBuildFile; fileRef = 8425B2612CFAC6790072A43F /* SceneDelegate.swift */; };
		8425B2642CFAC6790072A43F /* ViewController.swift in Sources */ = {isa = PBXBuildFile; fileRef = 8425B2632CFAC6790072A43F /* ViewController.swift */; };
		8425B2672CFAC6790072A43F /* Base in Resources */ = {isa = PBXBuildFile; fileRef = 8425B2662CFAC6790072A43F /* Base */; };
		8425B26A2CFAC6790072A43F /* CD_ImgForm.xcdatamodeld in Sources */ = {isa = PBXBuildFile; fileRef = 8425B2682CFAC6790072A43F /* CD_ImgForm.xcdatamodeld */; };
		8425B26C2CFAC67A0072A43F /* Assets.xcassets in Resources */ = {isa = PBXBuildFile; fileRef = 8425B26B2CFAC67A0072A43F /* Assets.xcassets */; };
		8425B26F2CFAC67A0072A43F /* Base in Resources */ = {isa = PBXBuildFile; fileRef = 8425B26E2CFAC67A0072A43F /* Base */; };
/* End PBXBuildFile section */

/* Begin PBXFileReference section */
		8425B25C2CFAC6790072A43F /* CD_ImgForm.app */ = {isa = PBXFileReference; explicitFileType = wrapper.application; includeInIndex = 0; path = CD_ImgForm.app; sourceTree = BUILT_PRODUCTS_DIR; };
		8425B25F2CFAC6790072A43F /* AppDelegate.swift */ = {isa = PBXFileReference; lastKnownFileType = sourcecode.swift; path = AppDelegate.swift; sourceTree = "<group>"; };
		8425B2612CFAC6790072A43F /* SceneDelegate.swift */ = {isa = PBXFileReference; lastKnownFileType = sourcecode.swift; path = SceneDelegate.swift; sourceTree = "<group>"; };
		8425B2632CFAC6790072A43F /* ViewController.swift */ = {isa = PBXFileReference; lastKnownFileType = sourcecode.swift; path = ViewController.swift; sourceTree = "<group>"; };
		8425B2662CFAC6790072A43F /* Base */ = {isa = PBXFileReference; lastKnownFileType = file.storyboard; name = Base; path = Base.lproj/Main.storyboard; sourceTree = "<group>"; };
		8425B2692CFAC6790072A43F /* CD_ImgForm.xcdatamodel */ = {isa = PBXFileReference; lastKnownFileType = wrapper.xcdatamodel; path = CD_ImgForm.xcdatamodel; sourceTree = "<group>"; };
		8425B26B2CFAC67A0072A43F /* Assets.xcassets */ = {isa = PBXFileReference; lastKnownFileType = folder.assetcatalog; path = Assets.xcassets; sourceTree = "<group>"; };
		8425B26E2CFAC67A0072A43F /* Base */ = {isa = PBXFileReference; lastKnownFileType = file.storyboard; name = Base; path = Base.lproj/LaunchScreen.storyboard; sourceTree = "<group>"; };
		8425B2702CFAC67A0072A43F /* Info.plist */ = {isa = PBXFileReference; lastKnownFileType = text.plist.xml; path = Info.plist; sourceTree = "<group>"; };
/* End PBXFileReference section */

/* Begin PBXFrameworksBuildPhase section */
		8425B2592CFAC6790072A43F /* Frameworks */ = {
			isa = PBXFrameworksBuildPhase;
			buildActionMask = 2147483647;
			files = (
			);
			runOnlyForDeploymentPostprocessing = 0;
		};
/* End PBXFrameworksBuildPhase section */

/* Begin PBXGroup section */
		8425B2532CFAC6790072A43F = {
			isa = PBXGroup;
			children = (
				8425B25E2CFAC6790072A43F /* CD_ImgForm */,
				8425B25D2CFAC6790072A43F /* Products */,
			);
			sourceTree = "<group>";
		};
		8425B25D2CFAC6790072A43F /* Products */ = {
			isa = PBXGroup;
			children = (
				8425B25C2CFAC6790072A43F /* CD_ImgForm.app */,
			);
			name = Products;
			sourceTree = "<group>";
		};
		8425B25E2CFAC6790072A43F /* CD_ImgForm */ = {
			isa = PBXGroup;
			children = (
				8425B25F2CFAC6790072A43F /* AppDelegate.swift */,
				8425B2612CFAC6790072A43F /* SceneDelegate.swift */,
				8425B2632CFAC6790072A43F /* ViewController.swift */,
				8425B2652CFAC6790072A43F /* Main.storyboard */,
				8425B26B2CFAC67A0072A43F /* Assets.xcassets */,
				8425B26D2CFAC67A0072A43F /* LaunchScreen.storyboard */,
				8425B2702CFAC67A0072A43F /* Info.plist */,
				8425B2682CFAC6790072A43F /* CD_ImgForm.xcdatamodeld */,
			);
			path = CD_ImgForm;
			sourceTree = "<group>";
		};
/* End PBXGroup section */

/* Begin PBXNativeTarget section */
		8425B25B2CFAC6790072A43F /* CD_ImgForm */ = {
			isa = PBXNativeTarget;
			buildConfigurationList = 8425B2732CFAC67A0072A43F /* Build configuration list for PBXNativeTarget "CD_ImgForm" */;
			buildPhases = (
				8425B2582CFAC6790072A43F /* Sources */,
				8425B2592CFAC6790072A43F /* Frameworks */,
				8425B25A2CFAC6790072A43F /* Resources */,
			);
			buildRules = (
			);
			dependencies = (
			);
			name = CD_ImgForm;
			productName = CD_ImgForm;
			productReference = 8425B25C2CFAC6790072A43F /* CD_ImgForm.app */;
			productType = "com.apple.product-type.application";
		};
/* End PBXNativeTarget section */

/* Begin PBXProject section */
		8425B2542CFAC6790072A43F /* Project object */ = {
			isa = PBXProject;
			attributes = {
				BuildIndependentTargetsInParallel = 1;
				LastSwiftUpdateCheck = 1540;
				LastUpgradeCheck = 1540;
				TargetAttributes = {
					8425B25B2CFAC6790072A43F = {
						CreatedOnToolsVersion = 15.4;
					};
				};
			};
			buildConfigurationList = 8425B2572CFAC6790072A43F /* Build configuration list for PBXProject "CD_ImgForm" */;
			compatibilityVersion = "Xcode 14.0";
			developmentRegion = en;
			hasScannedForEncodings = 0;
			knownRegions = (
				en,
				Base,
			);
			mainGroup = 8425B2532CFAC6790072A43F;
			productRefGroup = 8425B25D2CFAC6790072A43F /* Products */;
			projectDirPath = "";
			projectRoot = "";
			targets = (
				8425B25B2CFAC6790072A43F /* CD_ImgForm */,
			);
		};
/* End PBXProject section */

/* Begin PBXResourcesBuildPhase section */
		8425B25A2CFAC6790072A43F /* Resources */ = {
			isa = PBXResourcesBuildPhase;
			buildActionMask = 2147483647;
			files = (
				8425B26C2CFAC67A0072A43F /* Assets.xcassets in Resources */,
				8425B26F2CFAC67A0072A43F /* Base in Resources */,
				8425B2672CFAC6790072A43F /* Base in Resources */,
			);
			runOnlyForDeploymentPostprocessing = 0;
		};
/* End PBXResourcesBuildPhase section */

/* Begin PBXSourcesBuildPhase section */
		8425B2582CFAC6790072A43F /* Sources */ = {
			isa = PBXSourcesBuildPhase;
			buildActionMask = 2147483647;
			files = (
				8425B2642CFAC6790072A43F /* ViewController.swift in Sources */,
				8425B2602CFAC6790072A43F /* AppDelegate.swift in Sources */,
				8425B26A2CFAC6790072A43F /* CD_ImgForm.xcdatamodeld in Sources */,
				8425B2622CFAC6790072A43F /* SceneDelegate.swift in Sources */,
			);
			runOnlyForDeploymentPostprocessing = 0;
		};
/* End PBXSourcesBuildPhase section */

/* Begin PBXVariantGroup section */
		8425B2652CFAC6790072A43F /* Main.storyboard */ = {
			isa = PBXVariantGroup;
			children = (
				8425B2662CFAC6790072A43F /* Base */,
			);
			name = Main.storyboard;
			sourceTree = "<group>";
		};
		8425B26D2CFAC67A0072A43F /* LaunchScreen.storyboard */ = {
			isa = PBXVariantGroup;
			children = (
				8425B26E2CFAC67A0072A43F /* Base */,
			);
			name = LaunchScreen.storyboard;
			sourceTree = "<group>";
		};
/* End PBXVariantGroup section */

/* Begin XCBuildConfiguration section */
		8425B2712CFAC67A0072A43F /* Debug */ = {
			isa = XCBuildConfiguration;
			buildSettings = {
				ALWAYS_SEARCH_USER_PATHS = NO;
				ASSETCATALOG_COMPILER_GENERATE_SWIFT_ASSET_SYMBOL_EXTENSIONS = YES;
				CLANG_ANALYZER_NONNULL = YES;
				CLANG_ANALYZER_NUMBER_OBJECT_CONVERSION = YES_AGGRESSIVE;
				CLANG_CXX_LANGUAGE_STANDARD = "gnu++20";
				CLANG_ENABLE_MODULES = YES;
				CLANG_ENABLE_OBJC_ARC = YES;
				CLANG_ENABLE_OBJC_WEAK = YES;
				CLANG_WARN_BLOCK_CAPTURE_AUTORELEASING = YES;
				CLANG_WARN_BOOL_CONVERSION = YES;
				CLANG_WARN_COMMA = YES;
				CLANG_WARN_CONSTANT_CONVERSION = YES;
				CLANG_WARN_DEPRECATED_OBJC_IMPLEMENTATIONS = YES;
				CLANG_WARN_DIRECT_OBJC_ISA_USAGE = YES_ERROR;
				CLANG_WARN_DOCUMENTATION_COMMENTS = YES;
				CLANG_WARN_EMPTY_BODY = YES;
				CLANG_WARN_ENUM_CONVERSION = YES;
				CLANG_WARN_INFINITE_RECURSION = YES;
				CLANG_WARN_INT_CONVERSION = YES;
				CLANG_WARN_NON_LITERAL_NULL_CONVERSION = YES;
				CLANG_WARN_OBJC_IMPLICIT_RETAIN_SELF = YES;
				CLANG_WARN_OBJC_LITERAL_CONVERSION = YES;
				CLANG_WARN_OBJC_ROOT_CLASS = YES_ERROR;
				CLANG_WARN_QUOTED_INCLUDE_IN_FRAMEWORK_HEADER = YES;
				CLANG_WARN_RANGE_LOOP_ANALYSIS = YES;
				CLANG_WARN_STRICT_PROTOTYPES = YES;
				CLANG_WARN_SUSPICIOUS_MOVE = YES;
				CLANG_WARN_UNGUARDED_AVAILABILITY = YES_AGGRESSIVE;
				CLANG_WARN_UNREACHABLE_CODE = YES;
				CLANG_WARN__DUPLICATE_METHOD_MATCH = YES;
				COPY_PHASE_STRIP = NO;
				DEBUG_INFORMATION_FORMAT = dwarf;
				ENABLE_STRICT_OBJC_MSGSEND = YES;
				ENABLE_TESTABILITY = YES;
				ENABLE_USER_SCRIPT_SANDBOXING = YES;
				GCC_C_LANGUAGE_STANDARD = gnu17;
				GCC_DYNAMIC_NO_PIC = NO;
				GCC_NO_COMMON_BLOCKS = YES;
				GCC_OPTIMIZATION_LEVEL = 0;
				GCC_PREPROCESSOR_DEFINITIONS = (
					"DEBUG=1",
					"$(inherited)",
				);
				GCC_WARN_64_TO_32_BIT_CONVERSION = YES;
				GCC_WARN_ABOUT_RETURN_TYPE = YES_ERROR;
				GCC_WARN_UNDECLARED_SELECTOR = YES;
				GCC_WARN_UNINITIALIZED_AUTOS = YES_AGGRESSIVE;
				GCC_WARN_UNUSED_FUNCTION = YES;
				GCC_WARN_UNUSED_VARIABLE = YES;
				IPHONEOS_DEPLOYMENT_TARGET = 17.5;
				LOCALIZATION_PREFERS_STRING_CATALOGS = YES;
				MTL_ENABLE_DEBUG_INFO = INCLUDE_SOURCE;
				MTL_FAST_MATH = YES;
				ONLY_ACTIVE_ARCH = YES;
				SDKROOT = iphoneos;
				SWIFT_ACTIVE_COMPILATION_CONDITIONS = "DEBUG $(inherited)";
				SWIFT_OPTIMIZATION_LEVEL = "-Onone";
			};
			name = Debug;
		};
		8425B2722CFAC67A0072A43F /* Release */ = {
			isa = XCBuildConfiguration;
			buildSettings = {
				ALWAYS_SEARCH_USER_PATHS = NO;
				ASSETCATALOG_COMPILER_GENERATE_SWIFT_ASSET_SYMBOL_EXTENSIONS = YES;
				CLANG_ANALYZER_NONNULL = YES;
				CLANG_ANALYZER_NUMBER_OBJECT_CONVERSION = YES_AGGRESSIVE;
				CLANG_CXX_LANGUAGE_STANDARD = "gnu++20";
				CLANG_ENABLE_MODULES = YES;
				CLANG_ENABLE_OBJC_ARC = YES;
				CLANG_ENABLE_OBJC_WEAK = YES;
				CLANG_WARN_BLOCK_CAPTURE_AUTORELEASING = YES;
				CLANG_WARN_BOOL_CONVERSION = YES;
				CLANG_WARN_COMMA = YES;
				CLANG_WARN_CONSTANT_CONVERSION = YES;
				CLANG_WARN_DEPRECATED_OBJC_IMPLEMENTATIONS = YES;
				CLANG_WARN_DIRECT_OBJC_ISA_USAGE = YES_ERROR;
				CLANG_WARN_DOCUMENTATION_COMMENTS = YES;
				CLANG_WARN_EMPTY_BODY = YES;
				CLANG_WARN_ENUM_CONVERSION = YES;
				CLANG_WARN_INFINITE_RECURSION = YES;
				CLANG_WARN_INT_CONVERSION = YES;
				CLANG_WARN_NON_LITERAL_NULL_CONVERSION = YES;
				CLANG_WARN_OBJC_IMPLICIT_RETAIN_SELF = YES;
				CLANG_WARN_OBJC_LITERAL_CONVERSION = YES;
				CLANG_WARN_OBJC_ROOT_CLASS = YES_ERROR;
				CLANG_WARN_QUOTED_INCLUDE_IN_FRAMEWORK_HEADER = YES;
				CLANG_WARN_RANGE_LOOP_ANALYSIS = YES;
				CLANG_WARN_STRICT_PROTOTYPES = YES;
				CLANG_WARN_SUSPICIOUS_MOVE = YES;
				CLANG_WARN_UNGUARDED_AVAILABILITY = YES_AGGRESSIVE;
				CLANG_WARN_UNREACHABLE_CODE = YES;
				CLANG_WARN__DUPLICATE_METHOD_MATCH = YES;
				COPY_PHASE_STRIP = NO;
				DEBUG_INFORMATION_FORMAT = "dwarf-with-dsym";
				ENABLE_NS_ASSERTIONS = NO;
				ENABLE_STRICT_OBJC_MSGSEND = YES;
				ENABLE_USER_SCRIPT_SANDBOXING = YES;
				GCC_C_LANGUAGE_STANDARD = gnu17;
				GCC_NO_COMMON_BLOCKS = YES;
				GCC_WARN_64_TO_32_BIT_CONVERSION = YES;
				GCC_WARN_ABOUT_RETURN_TYPE = YES_ERROR;
				GCC_WARN_UNDECLARED_SELECTOR = YES;
				GCC_WARN_UNINITIALIZED_AUTOS = YES_AGGRESSIVE;
				GCC_WARN_UNUSED_FUNCTION = YES;
				GCC_WARN_UNUSED_VARIABLE = YES;
				IPHONEOS_DEPLOYMENT_TARGET = 17.5;
				LOCALIZATION_PREFERS_STRING_CATALOGS = YES;
				MTL_ENABLE_DEBUG_INFO = NO;
				MTL_FAST_MATH = YES;
				SDKROOT = iphoneos;
				SWIFT_COMPILATION_MODE = wholemodule;
				VALIDATE_PRODUCT = YES;
			};
			name = Release;
		};
		8425B2742CFAC67A0072A43F /* Debug */ = {
			isa = XCBuildConfiguration;
			buildSettings = {
				ASSETCATALOG_COMPILER_APPICON_NAME = AppIcon;
				ASSETCATALOG_COMPILER_GLOBAL_ACCENT_COLOR_NAME = AccentColor;
				CODE_SIGN_STYLE = Automatic;
				CURRENT_PROJECT_VERSION = 1;
				GENERATE_INFOPLIST_FILE = YES;
				INFOPLIST_FILE = CD_ImgForm/Info.plist;
				INFOPLIST_KEY_UIApplicationSupportsIndirectInputEvents = YES;
				INFOPLIST_KEY_UILaunchStoryboardName = LaunchScreen;
				INFOPLIST_KEY_UIMainStoryboardFile = Main;
				INFOPLIST_KEY_UISupportedInterfaceOrientations_iPad = "UIInterfaceOrientationPortrait UIInterfaceOrientationPortraitUpsideDown UIInterfaceOrientationLandscapeLeft UIInterfaceOrientationLandscapeRight";
				INFOPLIST_KEY_UISupportedInterfaceOrientations_iPhone = "UIInterfaceOrientationPortrait UIInterfaceOrientationLandscapeLeft UIInterfaceOrientationLandscapeRight";
				LD_RUNPATH_SEARCH_PATHS = (
					"$(inherited)",
					"@executable_path/Frameworks",
				);
				MARKETING_VERSION = 1.0;
				PRODUCT_BUNDLE_IDENTIFIER = "com.example.CD-ImgForm";
				PRODUCT_NAME = "$(TARGET_NAME)";
				SWIFT_EMIT_LOC_STRINGS = YES;
				SWIFT_VERSION = 5.0;
				TARGETED_DEVICE_FAMILY = "1,2";
			};
			name = Debug;
		};
		8425B2752CFAC67A0072A43F /* Release */ = {
			isa = XCBuildConfiguration;
			buildSettings = {
				ASSETCATALOG_COMPILER_APPICON_NAME = AppIcon;
				ASSETCATALOG_COMPILER_GLOBAL_ACCENT_COLOR_NAME = AccentColor;
				CODE_SIGN_STYLE = Automatic;
				CURRENT_PROJECT_VERSION = 1;
				GENERATE_INFOPLIST_FILE = YES;
				INFOPLIST_FILE = CD_ImgForm/Info.plist;
				INFOPLIST_KEY_UIApplicationSupportsIndirectInputEvents = YES;
				INFOPLIST_KEY_UILaunchStoryboardName = LaunchScreen;
				INFOPLIST_KEY_UIMainStoryboardFile = Main;
				INFOPLIST_KEY_UISupportedInterfaceOrientations_iPad = "UIInterfaceOrientationPortrait UIInterfaceOrientationPortraitUpsideDown UIInterfaceOrientationLandscapeLeft UIInterfaceOrientationLandscapeRight";
				INFOPLIST_KEY_UISupportedInterfaceOrientations_iPhone = "UIInterfaceOrientationPortrait UIInterfaceOrientationLandscapeLeft UIInterfaceOrientationLandscapeRight";
				LD_RUNPATH_SEARCH_PATHS = (
					"$(inherited)",
					"@executable_path/Frameworks",
				);
				MARKETING_VERSION = 1.0;
				PRODUCT_BUNDLE_IDENTIFIER = "com.example.CD-ImgForm";
				PRODUCT_NAME = "$(TARGET_NAME)";
				SWIFT_EMIT_LOC_STRINGS = YES;
				SWIFT_VERSION = 5.0;
				TARGETED_DEVICE_FAMILY = "1,2";
			};
			name = Release;
		};
/* End XCBuildConfiguration section */

/* Begin XCConfigurationList section */
		8425B2572CFAC6790072A43F /* Build configuration list for PBXProject "CD_ImgForm" */ = {
			isa = XCConfigurationList;
			buildConfigurations = (
				8425B2712CFAC67A0072A43F /* Debug */,
				8425B2722CFAC67A0072A43F /* Release */,
			);
			defaultConfigurationIsVisible = 0;
			defaultConfigurationName = Release;
		};
		8425B2732CFAC67A0072A43F /* Build configuration list for PBXNativeTarget "CD_ImgForm" */ = {
			isa = XCConfigurationList;
			buildConfigurations = (
				8425B2742CFAC67A0072A43F /* Debug */,
				8425B2752CFAC67A0072A43F /* Release */,
			);
			defaultConfigurationIsVisible = 0;
			defaultConfigurationName = Release;
		};
/* End XCConfigurationList section */

/* Begin XCVersionGroup section */
		8425B2682CFAC6790072A43F /* CD_ImgForm.xcdatamodeld */ = {
			isa = XCVersionGroup;
			children = (
				8425B2692CFAC6790072A43F /* CD_ImgForm.xcdatamodel */,
			);
			currentVersion = 8425B2692CFAC6790072A43F /* CD_ImgForm.xcdatamodel */;
			path = CD_ImgForm.xcdatamodeld;
			sourceTree = "<group>";
			versionGroupType = wrapper.xcdatamodel;
		};
/* End XCVersionGroup section */
	};
	rootObject = 8425B2542CFAC6790072A43F /* Project object */;
}
