// !$*UTF8*$!
{
	archiveVersion = 1;
	classes = {
	};
	objectVersion = 56;
	objects = {

/* Begin PBXBuildFile section */
		84679C542CA50F6000C64519 /* AppDelegate.swift in Sources */ = {isa = PBXBuildFile; fileRef = 84679C532CA50F6000C64519 /* AppDelegate.swift */; };
		84679C562CA50F6000C64519 /* SceneDelegate.swift in Sources */ = {isa = PBXBuildFile; fileRef = 84679C552CA50F6000C64519 /* SceneDelegate.swift */; };
		84679C582CA50F6000C64519 /* ViewController.swift in Sources */ = {isa = PBXBuildFile; fileRef = 84679C572CA50F6000C64519 /* ViewController.swift */; };
		84679C5B2CA50F6000C64519 /* Base in Resources */ = {isa = PBXBuildFile; fileRef = 84679C5A2CA50F6000C64519 /* Base */; };
		84679C5E2CA50F6000C64519 /* APICall_Assignment.xcdatamodeld in Sources */ = {isa = PBXBuildFile; fileRef = 84679C5C2CA50F6000C64519 /* APICall_Assignment.xcdatamodeld */; };
		84679C602CA50F6100C64519 /* Assets.xcassets in Resources */ = {isa = PBXBuildFile; fileRef = 84679C5F2CA50F6100C64519 /* Assets.xcassets */; };
		84679C632CA50F6100C64519 /* Base in Resources */ = {isa = PBXBuildFile; fileRef = 84679C622CA50F6100C64519 /* Base */; };
		84679C6C2CA5107200C64519 /* DataCell.xib in Resources */ = {isa = PBXBuildFile; fileRef = 84679C6B2CA5107200C64519 /* DataCell.xib */; };
		84679C6D2CA5107200C64519 /* DataCell.swift in Sources */ = {isa = PBXBuildFile; fileRef = 84679C6A2CA5107200C64519 /* DataCell.swift */; };
		84679C6F2CA510D700C64519 /* DataModel.swift in Sources */ = {isa = PBXBuildFile; fileRef = 84679C6E2CA510D700C64519 /* DataModel.swift */; };
		84679C712CA510F100C64519 /* apiRequest.swift in Sources */ = {isa = PBXBuildFile; fileRef = 84679C702CA510F100C64519 /* apiRequest.swift */; };
		84679C742CA511F800C64519 /* Alamofire in Frameworks */ = {isa = PBXBuildFile; productRef = 84679C732CA511F800C64519 /* Alamofire */; };
/* End PBXBuildFile section */

/* Begin PBXFileReference section */
		84679C502CA50F6000C64519 /* APICall_Assignment.app */ = {isa = PBXFileReference; explicitFileType = wrapper.application; includeInIndex = 0; path = APICall_Assignment.app; sourceTree = BUILT_PRODUCTS_DIR; };
		84679C532CA50F6000C64519 /* AppDelegate.swift */ = {isa = PBXFileReference; lastKnownFileType = sourcecode.swift; path = AppDelegate.swift; sourceTree = "<group>"; };
		84679C552CA50F6000C64519 /* SceneDelegate.swift */ = {isa = PBXFileReference; lastKnownFileType = sourcecode.swift; path = SceneDelegate.swift; sourceTree = "<group>"; };
		84679C572CA50F6000C64519 /* ViewController.swift */ = {isa = PBXFileReference; lastKnownFileType = sourcecode.swift; path = ViewController.swift; sourceTree = "<group>"; };
		84679C5A2CA50F6000C64519 /* Base */ = {isa = PBXFileReference; lastKnownFileType = file.storyboard; name = Base; path = Base.lproj/Main.storyboard; sourceTree = "<group>"; };
		84679C5D2CA50F6000C64519 /* APICall_Assignment.xcdatamodel */ = {isa = PBXFileReference; lastKnownFileType = wrapper.xcdatamodel; path = APICall_Assignment.xcdatamodel; sourceTree = "<group>"; };
		84679C5F2CA50F6100C64519 /* Assets.xcassets */ = {isa = PBXFileReference; lastKnownFileType = folder.assetcatalog; path = Assets.xcassets; sourceTree = "<group>"; };
		84679C622CA50F6100C64519 /* Base */ = {isa = PBXFileReference; lastKnownFileType = file.storyboard; name = Base; path = Base.lproj/LaunchScreen.storyboard; sourceTree = "<group>"; };
		84679C642CA50F6100C64519 /* Info.plist */ = {isa = PBXFileReference; lastKnownFileType = text.plist.xml; path = Info.plist; sourceTree = "<group>"; };
		84679C6A2CA5107200C64519 /* DataCell.swift */ = {isa = PBXFileReference; lastKnownFileType = sourcecode.swift; path = DataCell.swift; sourceTree = "<group>"; };
		84679C6B2CA5107200C64519 /* DataCell.xib */ = {isa = PBXFileReference; lastKnownFileType = file.xib; path = DataCell.xib; sourceTree = "<group>"; };
		84679C6E2CA510D700C64519 /* DataModel.swift */ = {isa = PBXFileReference; lastKnownFileType = sourcecode.swift; path = DataModel.swift; sourceTree = "<group>"; };
		84679C702CA510F100C64519 /* apiRequest.swift */ = {isa = PBXFileReference; lastKnownFileType = sourcecode.swift; path = apiRequest.swift; sourceTree = "<group>"; };
/* End PBXFileReference section */

/* Begin PBXFrameworksBuildPhase section */
		84679C4D2CA50F6000C64519 /* Frameworks */ = {
			isa = PBXFrameworksBuildPhase;
			buildActionMask = 2147483647;
			files = (
				84679C742CA511F800C64519 /* Alamofire in Frameworks */,
			);
			runOnlyForDeploymentPostprocessing = 0;
		};
/* End PBXFrameworksBuildPhase section */

/* Begin PBXGroup section */
		84679C472CA50F6000C64519 = {
			isa = PBXGroup;
			children = (
				84679C522CA50F6000C64519 /* APICall_Assignment */,
				84679C512CA50F6000C64519 /* Products */,
			);
			sourceTree = "<group>";
		};
		84679C512CA50F6000C64519 /* Products */ = {
			isa = PBXGroup;
			children = (
				84679C502CA50F6000C64519 /* APICall_Assignment.app */,
			);
			name = Products;
			sourceTree = "<group>";
		};
		84679C522CA50F6000C64519 /* APICall_Assignment */ = {
			isa = PBXGroup;
			children = (
				84679C532CA50F6000C64519 /* AppDelegate.swift */,
				84679C552CA50F6000C64519 /* SceneDelegate.swift */,
				84679C572CA50F6000C64519 /* ViewController.swift */,
				84679C592CA50F6000C64519 /* Main.storyboard */,
				84679C5F2CA50F6100C64519 /* Assets.xcassets */,
				84679C612CA50F6100C64519 /* LaunchScreen.storyboard */,
				84679C642CA50F6100C64519 /* Info.plist */,
				84679C5C2CA50F6000C64519 /* APICall_Assignment.xcdatamodeld */,
				84679C6A2CA5107200C64519 /* DataCell.swift */,
				84679C6B2CA5107200C64519 /* DataCell.xib */,
				84679C6E2CA510D700C64519 /* DataModel.swift */,
				84679C702CA510F100C64519 /* apiRequest.swift */,
			);
			path = APICall_Assignment;
			sourceTree = "<group>";
		};
/* End PBXGroup section */

/* Begin PBXNativeTarget section */
		84679C4F2CA50F6000C64519 /* APICall_Assignment */ = {
			isa = PBXNativeTarget;
			buildConfigurationList = 84679C672CA50F6100C64519 /* Build configuration list for PBXNativeTarget "APICall_Assignment" */;
			buildPhases = (
				84679C4C2CA50F6000C64519 /* Sources */,
				84679C4D2CA50F6000C64519 /* Frameworks */,
				84679C4E2CA50F6000C64519 /* Resources */,
			);
			buildRules = (
			);
			dependencies = (
			);
			name = APICall_Assignment;
			packageProductDependencies = (
				84679C732CA511F800C64519 /* Alamofire */,
			);
			productName = APICall_Assignment;
			productReference = 84679C502CA50F6000C64519 /* APICall_Assignment.app */;
			productType = "com.apple.product-type.application";
		};
/* End PBXNativeTarget section */

/* Begin PBXProject section */
		84679C482CA50F6000C64519 /* Project object */ = {
			isa = PBXProject;
			attributes = {
				BuildIndependentTargetsInParallel = 1;
				LastSwiftUpdateCheck = 1540;
				LastUpgradeCheck = 1540;
				TargetAttributes = {
					84679C4F2CA50F6000C64519 = {
						CreatedOnToolsVersion = 15.4;
					};
				};
			};
			buildConfigurationList = 84679C4B2CA50F6000C64519 /* Build configuration list for PBXProject "APICall_Assignment" */;
			compatibilityVersion = "Xcode 14.0";
			developmentRegion = en;
			hasScannedForEncodings = 0;
			knownRegions = (
				en,
				Base,
			);
			mainGroup = 84679C472CA50F6000C64519;
			packageReferences = (
				84679C722CA511F800C64519 /* XCRemoteSwiftPackageReference "Alamofire" */,
			);
			productRefGroup = 84679C512CA50F6000C64519 /* Products */;
			projectDirPath = "";
			projectRoot = "";
			targets = (
				84679C4F2CA50F6000C64519 /* APICall_Assignment */,
			);
		};
/* End PBXProject section */

/* Begin PBXResourcesBuildPhase section */
		84679C4E2CA50F6000C64519 /* Resources */ = {
			isa = PBXResourcesBuildPhase;
			buildActionMask = 2147483647;
			files = (
				84679C602CA50F6100C64519 /* Assets.xcassets in Resources */,
				84679C632CA50F6100C64519 /* Base in Resources */,
				84679C5B2CA50F6000C64519 /* Base in Resources */,
				84679C6C2CA5107200C64519 /* DataCell.xib in Resources */,
			);
			runOnlyForDeploymentPostprocessing = 0;
		};
/* End PBXResourcesBuildPhase section */

/* Begin PBXSourcesBuildPhase section */
		84679C4C2CA50F6000C64519 /* Sources */ = {
			isa = PBXSourcesBuildPhase;
			buildActionMask = 2147483647;
			files = (
				84679C582CA50F6000C64519 /* ViewController.swift in Sources */,
				84679C5E2CA50F6000C64519 /* APICall_Assignment.xcdatamodeld in Sources */,
				84679C712CA510F100C64519 /* apiRequest.swift in Sources */,
				84679C542CA50F6000C64519 /* AppDelegate.swift in Sources */,
				84679C6D2CA5107200C64519 /* DataCell.swift in Sources */,
				84679C562CA50F6000C64519 /* SceneDelegate.swift in Sources */,
				84679C6F2CA510D700C64519 /* DataModel.swift in Sources */,
			);
			runOnlyForDeploymentPostprocessing = 0;
		};
/* End PBXSourcesBuildPhase section */

/* Begin PBXVariantGroup section */
		84679C592CA50F6000C64519 /* Main.storyboard */ = {
			isa = PBXVariantGroup;
			children = (
				84679C5A2CA50F6000C64519 /* Base */,
			);
			name = Main.storyboard;
			sourceTree = "<group>";
		};
		84679C612CA50F6100C64519 /* LaunchScreen.storyboard */ = {
			isa = PBXVariantGroup;
			children = (
				84679C622CA50F6100C64519 /* Base */,
			);
			name = LaunchScreen.storyboard;
			sourceTree = "<group>";
		};
/* End PBXVariantGroup section */

/* Begin XCBuildConfiguration section */
		84679C652CA50F6100C64519 /* Debug */ = {
			isa = XCBuildConfiguration;
			buildSettings = {
				ALWAYS_SEARCH_USER_PATHS = NO;
				ASSETCATALOG_COMPILER_GENERATE_SWIFT_ASSET_SYMBOL_EXTENSIONS = YES;
				CLANG_ANALYZER_NONNULL = YES;
				CLANG_ANALYZER_NUMBER_OBJECT_CONVERSION = YES_AGGRESSIVE;
				CLANG_CXX_LANGUAGE_STANDARD = "gnu++20";
				CLANG_ENABLE_MODULES = YES;
				CLANG_ENABLE_OBJC_ARC = YES;
				CLANG_ENABLE_OBJC_WEAK = YES;
				CLANG_WARN_BLOCK_CAPTURE_AUTORELEASING = YES;
				CLANG_WARN_BOOL_CONVERSION = YES;
				CLANG_WARN_COMMA = YES;
				CLANG_WARN_CONSTANT_CONVERSION = YES;
				CLANG_WARN_DEPRECATED_OBJC_IMPLEMENTATIONS = YES;
				CLANG_WARN_DIRECT_OBJC_ISA_USAGE = YES_ERROR;
				CLANG_WARN_DOCUMENTATION_COMMENTS = YES;
				CLANG_WARN_EMPTY_BODY = YES;
				CLANG_WARN_ENUM_CONVERSION = YES;
				CLANG_WARN_INFINITE_RECURSION = YES;
				CLANG_WARN_INT_CONVERSION = YES;
				CLANG_WARN_NON_LITERAL_NULL_CONVERSION = YES;
				CLANG_WARN_OBJC_IMPLICIT_RETAIN_SELF = YES;
				CLANG_WARN_OBJC_LITERAL_CONVERSION = YES;
				CLANG_WARN_OBJC_ROOT_CLASS = YES_ERROR;
				CLANG_WARN_QUOTED_INCLUDE_IN_FRAMEWORK_HEADER = YES;
				CLANG_WARN_RANGE_LOOP_ANALYSIS = YES;
				CLANG_WARN_STRICT_PROTOTYPES = YES;
				CLANG_WARN_SUSPICIOUS_MOVE = YES;
				CLANG_WARN_UNGUARDED_AVAILABILITY = YES_AGGRESSIVE;
				CLANG_WARN_UNREACHABLE_CODE = YES;
				CLANG_WARN__DUPLICATE_METHOD_MATCH = YES;
				COPY_PHASE_STRIP = NO;
				DEBUG_INFORMATION_FORMAT = dwarf;
				ENABLE_STRICT_OBJC_MSGSEND = YES;
				ENABLE_TESTABILITY = YES;
				ENABLE_USER_SCRIPT_SANDBOXING = YES;
				GCC_C_LANGUAGE_STANDARD = gnu17;
				GCC_DYNAMIC_NO_PIC = NO;
				GCC_NO_COMMON_BLOCKS = YES;
				GCC_OPTIMIZATION_LEVEL = 0;
				GCC_PREPROCESSOR_DEFINITIONS = (
					"DEBUG=1",
					"$(inherited)",
				);
				GCC_WARN_64_TO_32_BIT_CONVERSION = YES;
				GCC_WARN_ABOUT_RETURN_TYPE = YES_ERROR;
				GCC_WARN_UNDECLARED_SELECTOR = YES;
				GCC_WARN_UNINITIALIZED_AUTOS = YES_AGGRESSIVE;
				GCC_WARN_UNUSED_FUNCTION = YES;
				GCC_WARN_UNUSED_VARIABLE = YES;
				IPHONEOS_DEPLOYMENT_TARGET = 17.5;
				LOCALIZATION_PREFERS_STRING_CATALOGS = YES;
				MTL_ENABLE_DEBUG_INFO = INCLUDE_SOURCE;
				MTL_FAST_MATH = YES;
				ONLY_ACTIVE_ARCH = YES;
				SDKROOT = iphoneos;
				SWIFT_ACTIVE_COMPILATION_CONDITIONS = "DEBUG $(inherited)";
				SWIFT_OPTIMIZATION_LEVEL = "-Onone";
			};
			name = Debug;
		};
		84679C662CA50F6100C64519 /* Release */ = {
			isa = XCBuildConfiguration;
			buildSettings = {
				ALWAYS_SEARCH_USER_PATHS = NO;
				ASSETCATALOG_COMPILER_GENERATE_SWIFT_ASSET_SYMBOL_EXTENSIONS = YES;
				CLANG_ANALYZER_NONNULL = YES;
				CLANG_ANALYZER_NUMBER_OBJECT_CONVERSION = YES_AGGRESSIVE;
				CLANG_CXX_LANGUAGE_STANDARD = "gnu++20";
				CLANG_ENABLE_MODULES = YES;
				CLANG_ENABLE_OBJC_ARC = YES;
				CLANG_ENABLE_OBJC_WEAK = YES;
				CLANG_WARN_BLOCK_CAPTURE_AUTORELEASING = YES;
				CLANG_WARN_BOOL_CONVERSION = YES;
				CLANG_WARN_COMMA = YES;
				CLANG_WARN_CONSTANT_CONVERSION = YES;
				CLANG_WARN_DEPRECATED_OBJC_IMPLEMENTATIONS = YES;
				CLANG_WARN_DIRECT_OBJC_ISA_USAGE = YES_ERROR;
				CLANG_WARN_DOCUMENTATION_COMMENTS = YES;
				CLANG_WARN_EMPTY_BODY = YES;
				CLANG_WARN_ENUM_CONVERSION = YES;
				CLANG_WARN_INFINITE_RECURSION = YES;
				CLANG_WARN_INT_CONVERSION = YES;
				CLANG_WARN_NON_LITERAL_NULL_CONVERSION = YES;
				CLANG_WARN_OBJC_IMPLICIT_RETAIN_SELF = YES;
				CLANG_WARN_OBJC_LITERAL_CONVERSION = YES;
				CLANG_WARN_OBJC_ROOT_CLASS = YES_ERROR;
				CLANG_WARN_QUOTED_INCLUDE_IN_FRAMEWORK_HEADER = YES;
				CLANG_WARN_RANGE_LOOP_ANALYSIS = YES;
				CLANG_WARN_STRICT_PROTOTYPES = YES;
				CLANG_WARN_SUSPICIOUS_MOVE = YES;
				CLANG_WARN_UNGUARDED_AVAILABILITY = YES_AGGRESSIVE;
				CLANG_WARN_UNREACHABLE_CODE = YES;
				CLANG_WARN__DUPLICATE_METHOD_MATCH = YES;
				COPY_PHASE_STRIP = NO;
				DEBUG_INFORMATION_FORMAT = "dwarf-with-dsym";
				ENABLE_NS_ASSERTIONS = NO;
				ENABLE_STRICT_OBJC_MSGSEND = YES;
				ENABLE_USER_SCRIPT_SANDBOXING = YES;
				GCC_C_LANGUAGE_STANDARD = gnu17;
				GCC_NO_COMMON_BLOCKS = YES;
				GCC_WARN_64_TO_32_BIT_CONVERSION = YES;
				GCC_WARN_ABOUT_RETURN_TYPE = YES_ERROR;
				GCC_WARN_UNDECLARED_SELECTOR = YES;
				GCC_WARN_UNINITIALIZED_AUTOS = YES_AGGRESSIVE;
				GCC_WARN_UNUSED_FUNCTION = YES;
				GCC_WARN_UNUSED_VARIABLE = YES;
				IPHONEOS_DEPLOYMENT_TARGET = 17.5;
				LOCALIZATION_PREFERS_STRING_CATALOGS = YES;
				MTL_ENABLE_DEBUG_INFO = NO;
				MTL_FAST_MATH = YES;
				SDKROOT = iphoneos;
				SWIFT_COMPILATION_MODE = wholemodule;
				VALIDATE_PRODUCT = YES;
			};
			name = Release;
		};
		84679C682CA50F6100C64519 /* Debug */ = {
			isa = XCBuildConfiguration;
			buildSettings = {
				ASSETCATALOG_COMPILER_APPICON_NAME = AppIcon;
				ASSETCATALOG_COMPILER_GLOBAL_ACCENT_COLOR_NAME = AccentColor;
				CODE_SIGN_STYLE = Automatic;
				CURRENT_PROJECT_VERSION = 1;
				GENERATE_INFOPLIST_FILE = YES;
				INFOPLIST_FILE = APICall_Assignment/Info.plist;
				INFOPLIST_KEY_UIApplicationSupportsIndirectInputEvents = YES;
				INFOPLIST_KEY_UILaunchStoryboardName = LaunchScreen;
				INFOPLIST_KEY_UIMainStoryboardFile = Main;
				INFOPLIST_KEY_UISupportedInterfaceOrientations_iPad = "UIInterfaceOrientationPortrait UIInterfaceOrientationPortraitUpsideDown UIInterfaceOrientationLandscapeLeft UIInterfaceOrientationLandscapeRight";
				INFOPLIST_KEY_UISupportedInterfaceOrientations_iPhone = "UIInterfaceOrientationPortrait UIInterfaceOrientationLandscapeLeft UIInterfaceOrientationLandscapeRight";
				LD_RUNPATH_SEARCH_PATHS = (
					"$(inherited)",
					"@executable_path/Frameworks",
				);
				MARKETING_VERSION = 1.0;
				PRODUCT_BUNDLE_IDENTIFIER = "com.example.APICall-Assignment";
				PRODUCT_NAME = "$(TARGET_NAME)";
				SWIFT_EMIT_LOC_STRINGS = YES;
				SWIFT_VERSION = 5.0;
				TARGETED_DEVICE_FAMILY = "1,2";
			};
			name = Debug;
		};
		84679C692CA50F6100C64519 /* Release */ = {
			isa = XCBuildConfiguration;
			buildSettings = {
				ASSETCATALOG_COMPILER_APPICON_NAME = AppIcon;
				ASSETCATALOG_COMPILER_GLOBAL_ACCENT_COLOR_NAME = AccentColor;
				CODE_SIGN_STYLE = Automatic;
				CURRENT_PROJECT_VERSION = 1;
				GENERATE_INFOPLIST_FILE = YES;
				INFOPLIST_FILE = APICall_Assignment/Info.plist;
				INFOPLIST_KEY_UIApplicationSupportsIndirectInputEvents = YES;
				INFOPLIST_KEY_UILaunchStoryboardName = LaunchScreen;
				INFOPLIST_KEY_UIMainStoryboardFile = Main;
				INFOPLIST_KEY_UISupportedInterfaceOrientations_iPad = "UIInterfaceOrientationPortrait UIInterfaceOrientationPortraitUpsideDown UIInterfaceOrientationLandscapeLeft UIInterfaceOrientationLandscapeRight";
				INFOPLIST_KEY_UISupportedInterfaceOrientations_iPhone = "UIInterfaceOrientationPortrait UIInterfaceOrientationLandscapeLeft UIInterfaceOrientationLandscapeRight";
				LD_RUNPATH_SEARCH_PATHS = (
					"$(inherited)",
					"@executable_path/Frameworks",
				);
				MARKETING_VERSION = 1.0;
				PRODUCT_BUNDLE_IDENTIFIER = "com.example.APICall-Assignment";
				PRODUCT_NAME = "$(TARGET_NAME)";
				SWIFT_EMIT_LOC_STRINGS = YES;
				SWIFT_VERSION = 5.0;
				TARGETED_DEVICE_FAMILY = "1,2";
			};
			name = Release;
		};
/* End XCBuildConfiguration section */

/* Begin XCConfigurationList section */
		84679C4B2CA50F6000C64519 /* Build configuration list for PBXProject "APICall_Assignment" */ = {
			isa = XCConfigurationList;
			buildConfigurations = (
				84679C652CA50F6100C64519 /* Debug */,
				84679C662CA50F6100C64519 /* Release */,
			);
			defaultConfigurationIsVisible = 0;
			defaultConfigurationName = Release;
		};
		84679C672CA50F6100C64519 /* Build configuration list for PBXNativeTarget "APICall_Assignment" */ = {
			isa = XCConfigurationList;
			buildConfigurations = (
				84679C682CA50F6100C64519 /* Debug */,
				84679C692CA50F6100C64519 /* Release */,
			);
			defaultConfigurationIsVisible = 0;
			defaultConfigurationName = Release;
		};
/* End XCConfigurationList section */

/* Begin XCRemoteSwiftPackageReference section */
		84679C722CA511F800C64519 /* XCRemoteSwiftPackageReference "Alamofire" */ = {
			isa = XCRemoteSwiftPackageReference;
			repositoryURL = "https://github.com/Alamofire/Alamofire.git";
			requirement = {
				kind = exactVersion;
				version = 5.8.1;
			};
		};
/* End XCRemoteSwiftPackageReference section */

/* Begin XCSwiftPackageProductDependency section */
		84679C732CA511F800C64519 /* Alamofire */ = {
			isa = XCSwiftPackageProductDependency;
			package = 84679C722CA511F800C64519 /* XCRemoteSwiftPackageReference "Alamofire" */;
			productName = Alamofire;
		};
/* End XCSwiftPackageProductDependency section */

/* Begin XCVersionGroup section */
		84679C5C2CA50F6000C64519 /* APICall_Assignment.xcdatamodeld */ = {
			isa = XCVersionGroup;
			children = (
				84679C5D2CA50F6000C64519 /* APICall_Assignment.xcdatamodel */,
			);
			currentVersion = 84679C5D2CA50F6000C64519 /* APICall_Assignment.xcdatamodel */;
			path = APICall_Assignment.xcdatamodeld;
			sourceTree = "<group>";
			versionGroupType = wrapper.xcdatamodel;
		};
/* End XCVersionGroup section */
	};
	rootObject = 84679C482CA50F6000C64519 /* Project object */;
}
