// !$*UTF8*$!
{
	archiveVersion = 1;
	classes = {
	};
	objectVersion = 56;
	objects = {

/* Begin PBXBuildFile section */
		8487AD5A2CAE45F700577860 /* AppDelegate.swift in Sources */ = {isa = PBXBuildFile; fileRef = 8487AD592CAE45F700577860 /* AppDelegate.swift */; };
		8487AD5C2CAE45F700577860 /* SceneDelegate.swift in Sources */ = {isa = PBXBuildFile; fileRef = 8487AD5B2CAE45F700577860 /* SceneDelegate.swift */; };
		8487AD5E2CAE45F700577860 /* ViewController.swift in Sources */ = {isa = PBXBuildFile; fileRef = 8487AD5D2CAE45F700577860 /* ViewController.swift */; };
		8487AD612CAE45F700577860 /* Base in Resources */ = {isa = PBXBuildFile; fileRef = 8487AD602CAE45F700577860 /* Base */; };
		8487AD642CAE45F700577860 /* Test_Prac.xcdatamodeld in Sources */ = {isa = PBXBuildFile; fileRef = 8487AD622CAE45F700577860 /* Test_Prac.xcdatamodeld */; };
		8487AD662CAE460200577860 /* Assets.xcassets in Resources */ = {isa = PBXBuildFile; fileRef = 8487AD652CAE460200577860 /* Assets.xcassets */; };
		8487AD692CAE460200577860 /* Base in Resources */ = {isa = PBXBuildFile; fileRef = 8487AD682CAE460200577860 /* Base */; };
		84D6107A2CAE4D5100739581 /* JokeModel.swift in Sources */ = {isa = PBXBuildFile; fileRef = 84D610792CAE4D5100739581 /* JokeModel.swift */; };
		84D6107D2CAE4DEA00739581 /* JokeCell.swift in Sources */ = {isa = PBXBuildFile; fileRef = 84D6107B2CAE4DEA00739581 /* JokeCell.swift */; };
		84D6107E2CAE4DEA00739581 /* JokeCell.xib in Resources */ = {isa = PBXBuildFile; fileRef = 84D6107C2CAE4DEA00739581 /* JokeCell.xib */; };
		84D610802CAE50A300739581 /* apiCall.swift in Sources */ = {isa = PBXBuildFile; fileRef = 84D6107F2CAE50A300739581 /* apiCall.swift */; };
		84D610832CAE50D700739581 /* Alamofire in Frameworks */ = {isa = PBXBuildFile; productRef = 84D610822CAE50D700739581 /* Alamofire */; };
/* End PBXBuildFile section */

/* Begin PBXFileReference section */
		8487AD562CAE45F700577860 /* Test_Prac.app */ = {isa = PBXFileReference; explicitFileType = wrapper.application; includeInIndex = 0; path = Test_Prac.app; sourceTree = BUILT_PRODUCTS_DIR; };
		8487AD592CAE45F700577860 /* AppDelegate.swift */ = {isa = PBXFileReference; lastKnownFileType = sourcecode.swift; path = AppDelegate.swift; sourceTree = "<group>"; };
		8487AD5B2CAE45F700577860 /* SceneDelegate.swift */ = {isa = PBXFileReference; lastKnownFileType = sourcecode.swift; path = SceneDelegate.swift; sourceTree = "<group>"; };
		8487AD5D2CAE45F700577860 /* ViewController.swift */ = {isa = PBXFileReference; lastKnownFileType = sourcecode.swift; path = ViewController.swift; sourceTree = "<group>"; };
		8487AD602CAE45F700577860 /* Base */ = {isa = PBXFileReference; lastKnownFileType = file.storyboard; name = Base; path = Base.lproj/Main.storyboard; sourceTree = "<group>"; };
		8487AD632CAE45F700577860 /* Test_Prac.xcdatamodel */ = {isa = PBXFileReference; lastKnownFileType = wrapper.xcdatamodel; path = Test_Prac.xcdatamodel; sourceTree = "<group>"; };
		8487AD652CAE460200577860 /* Assets.xcassets */ = {isa = PBXFileReference; lastKnownFileType = folder.assetcatalog; path = Assets.xcassets; sourceTree = "<group>"; };
		8487AD682CAE460200577860 /* Base */ = {isa = PBXFileReference; lastKnownFileType = file.storyboard; name = Base; path = Base.lproj/LaunchScreen.storyboard; sourceTree = "<group>"; };
		8487AD6A2CAE460200577860 /* Info.plist */ = {isa = PBXFileReference; lastKnownFileType = text.plist.xml; path = Info.plist; sourceTree = "<group>"; };
		84D610792CAE4D5100739581 /* JokeModel.swift */ = {isa = PBXFileReference; lastKnownFileType = sourcecode.swift; path = JokeModel.swift; sourceTree = "<group>"; };
		84D6107B2CAE4DEA00739581 /* JokeCell.swift */ = {isa = PBXFileReference; lastKnownFileType = sourcecode.swift; path = JokeCell.swift; sourceTree = "<group>"; };
		84D6107C2CAE4DEA00739581 /* JokeCell.xib */ = {isa = PBXFileReference; lastKnownFileType = file.xib; path = JokeCell.xib; sourceTree = "<group>"; };
		84D6107F2CAE50A300739581 /* apiCall.swift */ = {isa = PBXFileReference; lastKnownFileType = sourcecode.swift; path = apiCall.swift; sourceTree = "<group>"; };
/* End PBXFileReference section */

/* Begin PBXFrameworksBuildPhase section */
		8487AD532CAE45F700577860 /* Frameworks */ = {
			isa = PBXFrameworksBuildPhase;
			buildActionMask = 2147483647;
			files = (
				84D610832CAE50D700739581 /* Alamofire in Frameworks */,
			);
			runOnlyForDeploymentPostprocessing = 0;
		};
/* End PBXFrameworksBuildPhase section */

/* Begin PBXGroup section */
		8487AD4D2CAE45F700577860 = {
			isa = PBXGroup;
			children = (
				8487AD582CAE45F700577860 /* Test_Prac */,
				8487AD572CAE45F700577860 /* Products */,
			);
			sourceTree = "<group>";
		};
		8487AD572CAE45F700577860 /* Products */ = {
			isa = PBXGroup;
			children = (
				8487AD562CAE45F700577860 /* Test_Prac.app */,
			);
			name = Products;
			sourceTree = "<group>";
		};
		8487AD582CAE45F700577860 /* Test_Prac */ = {
			isa = PBXGroup;
			children = (
				84D610782CAE4D3D00739581 /* Services */,
				8487AD592CAE45F700577860 /* AppDelegate.swift */,
				8487AD5B2CAE45F700577860 /* SceneDelegate.swift */,
				8487AD5D2CAE45F700577860 /* ViewController.swift */,
				8487AD5F2CAE45F700577860 /* Main.storyboard */,
				8487AD652CAE460200577860 /* Assets.xcassets */,
				8487AD672CAE460200577860 /* LaunchScreen.storyboard */,
				8487AD6A2CAE460200577860 /* Info.plist */,
				8487AD622CAE45F700577860 /* Test_Prac.xcdatamodeld */,
			);
			path = Test_Prac;
			sourceTree = "<group>";
		};
		84D610782CAE4D3D00739581 /* Services */ = {
			isa = PBXGroup;
			children = (
				84D610792CAE4D5100739581 /* JokeModel.swift */,
				84D6107B2CAE4DEA00739581 /* JokeCell.swift */,
				84D6107C2CAE4DEA00739581 /* JokeCell.xib */,
				84D6107F2CAE50A300739581 /* apiCall.swift */,
			);
			path = Services;
			sourceTree = "<group>";
		};
/* End PBXGroup section */

/* Begin PBXNativeTarget section */
		8487AD552CAE45F700577860 /* Test_Prac */ = {
			isa = PBXNativeTarget;
			buildConfigurationList = 8487AD6D2CAE460200577860 /* Build configuration list for PBXNativeTarget "Test_Prac" */;
			buildPhases = (
				8487AD522CAE45F700577860 /* Sources */,
				8487AD532CAE45F700577860 /* Frameworks */,
				8487AD542CAE45F700577860 /* Resources */,
			);
			buildRules = (
			);
			dependencies = (
			);
			name = Test_Prac;
			packageProductDependencies = (
				84D610822CAE50D700739581 /* Alamofire */,
			);
			productName = Test_Prac;
			productReference = 8487AD562CAE45F700577860 /* Test_Prac.app */;
			productType = "com.apple.product-type.application";
		};
/* End PBXNativeTarget section */

/* Begin PBXProject section */
		8487AD4E2CAE45F700577860 /* Project object */ = {
			isa = PBXProject;
			attributes = {
				BuildIndependentTargetsInParallel = 1;
				LastSwiftUpdateCheck = 1540;
				LastUpgradeCheck = 1540;
				TargetAttributes = {
					8487AD552CAE45F700577860 = {
						CreatedOnToolsVersion = 15.4;
					};
				};
			};
			buildConfigurationList = 8487AD512CAE45F700577860 /* Build configuration list for PBXProject "Test_Prac" */;
			compatibilityVersion = "Xcode 14.0";
			developmentRegion = en;
			hasScannedForEncodings = 0;
			knownRegions = (
				en,
				Base,
			);
			mainGroup = 8487AD4D2CAE45F700577860;
			packageReferences = (
				84D610812CAE50D700739581 /* XCRemoteSwiftPackageReference "Alamofire" */,
			);
			productRefGroup = 8487AD572CAE45F700577860 /* Products */;
			projectDirPath = "";
			projectRoot = "";
			targets = (
				8487AD552CAE45F700577860 /* Test_Prac */,
			);
		};
/* End PBXProject section */

/* Begin PBXResourcesBuildPhase section */
		8487AD542CAE45F700577860 /* Resources */ = {
			isa = PBXResourcesBuildPhase;
			buildActionMask = 2147483647;
			files = (
				8487AD662CAE460200577860 /* Assets.xcassets in Resources */,
				8487AD692CAE460200577860 /* Base in Resources */,
				84D6107E2CAE4DEA00739581 /* JokeCell.xib in Resources */,
				8487AD612CAE45F700577860 /* Base in Resources */,
			);
			runOnlyForDeploymentPostprocessing = 0;
		};
/* End PBXResourcesBuildPhase section */

/* Begin PBXSourcesBuildPhase section */
		8487AD522CAE45F700577860 /* Sources */ = {
			isa = PBXSourcesBuildPhase;
			buildActionMask = 2147483647;
			files = (
				8487AD5E2CAE45F700577860 /* ViewController.swift in Sources */,
				8487AD5A2CAE45F700577860 /* AppDelegate.swift in Sources */,
				84D6107D2CAE4DEA00739581 /* JokeCell.swift in Sources */,
				84D6107A2CAE4D5100739581 /* JokeModel.swift in Sources */,
				84D610802CAE50A300739581 /* apiCall.swift in Sources */,
				8487AD5C2CAE45F700577860 /* SceneDelegate.swift in Sources */,
				8487AD642CAE45F700577860 /* Test_Prac.xcdatamodeld in Sources */,
			);
			runOnlyForDeploymentPostprocessing = 0;
		};
/* End PBXSourcesBuildPhase section */

/* Begin PBXVariantGroup section */
		8487AD5F2CAE45F700577860 /* Main.storyboard */ = {
			isa = PBXVariantGroup;
			children = (
				8487AD602CAE45F700577860 /* Base */,
			);
			name = Main.storyboard;
			sourceTree = "<group>";
		};
		8487AD672CAE460200577860 /* LaunchScreen.storyboard */ = {
			isa = PBXVariantGroup;
			children = (
				8487AD682CAE460200577860 /* Base */,
			);
			name = LaunchScreen.storyboard;
			sourceTree = "<group>";
		};
/* End PBXVariantGroup section */

/* Begin XCBuildConfiguration section */
		8487AD6B2CAE460200577860 /* Debug */ = {
			isa = XCBuildConfiguration;
			buildSettings = {
				ALWAYS_SEARCH_USER_PATHS = NO;
				ASSETCATALOG_COMPILER_GENERATE_SWIFT_ASSET_SYMBOL_EXTENSIONS = YES;
				CLANG_ANALYZER_NONNULL = YES;
				CLANG_ANALYZER_NUMBER_OBJECT_CONVERSION = YES_AGGRESSIVE;
				CLANG_CXX_LANGUAGE_STANDARD = "gnu++20";
				CLANG_ENABLE_MODULES = YES;
				CLANG_ENABLE_OBJC_ARC = YES;
				CLANG_ENABLE_OBJC_WEAK = YES;
				CLANG_WARN_BLOCK_CAPTURE_AUTORELEASING = YES;
				CLANG_WARN_BOOL_CONVERSION = YES;
				CLANG_WARN_COMMA = YES;
				CLANG_WARN_CONSTANT_CONVERSION = YES;
				CLANG_WARN_DEPRECATED_OBJC_IMPLEMENTATIONS = YES;
				CLANG_WARN_DIRECT_OBJC_ISA_USAGE = YES_ERROR;
				CLANG_WARN_DOCUMENTATION_COMMENTS = YES;
				CLANG_WARN_EMPTY_BODY = YES;
				CLANG_WARN_ENUM_CONVERSION = YES;
				CLANG_WARN_INFINITE_RECURSION = YES;
				CLANG_WARN_INT_CONVERSION = YES;
				CLANG_WARN_NON_LITERAL_NULL_CONVERSION = YES;
				CLANG_WARN_OBJC_IMPLICIT_RETAIN_SELF = YES;
				CLANG_WARN_OBJC_LITERAL_CONVERSION = YES;
				CLANG_WARN_OBJC_ROOT_CLASS = YES_ERROR;
				CLANG_WARN_QUOTED_INCLUDE_IN_FRAMEWORK_HEADER = YES;
				CLANG_WARN_RANGE_LOOP_ANALYSIS = YES;
				CLANG_WARN_STRICT_PROTOTYPES = YES;
				CLANG_WARN_SUSPICIOUS_MOVE = YES;
				CLANG_WARN_UNGUARDED_AVAILABILITY = YES_AGGRESSIVE;
				CLANG_WARN_UNREACHABLE_CODE = YES;
				CLANG_WARN__DUPLICATE_METHOD_MATCH = YES;
				COPY_PHASE_STRIP = NO;
				DEBUG_INFORMATION_FORMAT = dwarf;
				ENABLE_STRICT_OBJC_MSGSEND = YES;
				ENABLE_TESTABILITY = YES;
				ENABLE_USER_SCRIPT_SANDBOXING = YES;
				GCC_C_LANGUAGE_STANDARD = gnu17;
				GCC_DYNAMIC_NO_PIC = NO;
				GCC_NO_COMMON_BLOCKS = YES;
				GCC_OPTIMIZATION_LEVEL = 0;
				GCC_PREPROCESSOR_DEFINITIONS = (
					"DEBUG=1",
					"$(inherited)",
				);
				GCC_WARN_64_TO_32_BIT_CONVERSION = YES;
				GCC_WARN_ABOUT_RETURN_TYPE = YES_ERROR;
				GCC_WARN_UNDECLARED_SELECTOR = YES;
				GCC_WARN_UNINITIALIZED_AUTOS = YES_AGGRESSIVE;
				GCC_WARN_UNUSED_FUNCTION = YES;
				GCC_WARN_UNUSED_VARIABLE = YES;
				IPHONEOS_DEPLOYMENT_TARGET = 17.5;
				LOCALIZATION_PREFERS_STRING_CATALOGS = YES;
				MTL_ENABLE_DEBUG_INFO = INCLUDE_SOURCE;
				MTL_FAST_MATH = YES;
				ONLY_ACTIVE_ARCH = YES;
				SDKROOT = iphoneos;
				SWIFT_ACTIVE_COMPILATION_CONDITIONS = "DEBUG $(inherited)";
				SWIFT_OPTIMIZATION_LEVEL = "-Onone";
			};
			name = Debug;
		};
		8487AD6C2CAE460200577860 /* Release */ = {
			isa = XCBuildConfiguration;
			buildSettings = {
				ALWAYS_SEARCH_USER_PATHS = NO;
				ASSETCATALOG_COMPILER_GENERATE_SWIFT_ASSET_SYMBOL_EXTENSIONS = YES;
				CLANG_ANALYZER_NONNULL = YES;
				CLANG_ANALYZER_NUMBER_OBJECT_CONVERSION = YES_AGGRESSIVE;
				CLANG_CXX_LANGUAGE_STANDARD = "gnu++20";
				CLANG_ENABLE_MODULES = YES;
				CLANG_ENABLE_OBJC_ARC = YES;
				CLANG_ENABLE_OBJC_WEAK = YES;
				CLANG_WARN_BLOCK_CAPTURE_AUTORELEASING = YES;
				CLANG_WARN_BOOL_CONVERSION = YES;
				CLANG_WARN_COMMA = YES;
				CLANG_WARN_CONSTANT_CONVERSION = YES;
				CLANG_WARN_DEPRECATED_OBJC_IMPLEMENTATIONS = YES;
				CLANG_WARN_DIRECT_OBJC_ISA_USAGE = YES_ERROR;
				CLANG_WARN_DOCUMENTATION_COMMENTS = YES;
				CLANG_WARN_EMPTY_BODY = YES;
				CLANG_WARN_ENUM_CONVERSION = YES;
				CLANG_WARN_INFINITE_RECURSION = YES;
				CLANG_WARN_INT_CONVERSION = YES;
				CLANG_WARN_NON_LITERAL_NULL_CONVERSION = YES;
				CLANG_WARN_OBJC_IMPLICIT_RETAIN_SELF = YES;
				CLANG_WARN_OBJC_LITERAL_CONVERSION = YES;
				CLANG_WARN_OBJC_ROOT_CLASS = YES_ERROR;
				CLANG_WARN_QUOTED_INCLUDE_IN_FRAMEWORK_HEADER = YES;
				CLANG_WARN_RANGE_LOOP_ANALYSIS = YES;
				CLANG_WARN_STRICT_PROTOTYPES = YES;
				CLANG_WARN_SUSPICIOUS_MOVE = YES;
				CLANG_WARN_UNGUARDED_AVAILABILITY = YES_AGGRESSIVE;
				CLANG_WARN_UNREACHABLE_CODE = YES;
				CLANG_WARN__DUPLICATE_METHOD_MATCH = YES;
				COPY_PHASE_STRIP = NO;
				DEBUG_INFORMATION_FORMAT = "dwarf-with-dsym";
				ENABLE_NS_ASSERTIONS = NO;
				ENABLE_STRICT_OBJC_MSGSEND = YES;
				ENABLE_USER_SCRIPT_SANDBOXING = YES;
				GCC_C_LANGUAGE_STANDARD = gnu17;
				GCC_NO_COMMON_BLOCKS = YES;
				GCC_WARN_64_TO_32_BIT_CONVERSION = YES;
				GCC_WARN_ABOUT_RETURN_TYPE = YES_ERROR;
				GCC_WARN_UNDECLARED_SELECTOR = YES;
				GCC_WARN_UNINITIALIZED_AUTOS = YES_AGGRESSIVE;
				GCC_WARN_UNUSED_FUNCTION = YES;
				GCC_WARN_UNUSED_VARIABLE = YES;
				IPHONEOS_DEPLOYMENT_TARGET = 17.5;
				LOCALIZATION_PREFERS_STRING_CATALOGS = YES;
				MTL_ENABLE_DEBUG_INFO = NO;
				MTL_FAST_MATH = YES;
				SDKROOT = iphoneos;
				SWIFT_COMPILATION_MODE = wholemodule;
				VALIDATE_PRODUCT = YES;
			};
			name = Release;
		};
		8487AD6E2CAE460200577860 /* Debug */ = {
			isa = XCBuildConfiguration;
			buildSettings = {
				ASSETCATALOG_COMPILER_APPICON_NAME = AppIcon;
				ASSETCATALOG_COMPILER_GLOBAL_ACCENT_COLOR_NAME = AccentColor;
				CODE_SIGN_STYLE = Automatic;
				CURRENT_PROJECT_VERSION = 1;
				GENERATE_INFOPLIST_FILE = YES;
				INFOPLIST_FILE = Test_Prac/Info.plist;
				INFOPLIST_KEY_UIApplicationSupportsIndirectInputEvents = YES;
				INFOPLIST_KEY_UILaunchStoryboardName = LaunchScreen;
				INFOPLIST_KEY_UIMainStoryboardFile = Main;
				INFOPLIST_KEY_UISupportedInterfaceOrientations_iPad = "UIInterfaceOrientationPortrait UIInterfaceOrientationPortraitUpsideDown UIInterfaceOrientationLandscapeLeft UIInterfaceOrientationLandscapeRight";
				INFOPLIST_KEY_UISupportedInterfaceOrientations_iPhone = "UIInterfaceOrientationPortrait UIInterfaceOrientationLandscapeLeft UIInterfaceOrientationLandscapeRight";
				LD_RUNPATH_SEARCH_PATHS = (
					"$(inherited)",
					"@executable_path/Frameworks",
				);
				MARKETING_VERSION = 1.0;
				PRODUCT_BUNDLE_IDENTIFIER = "com.example.Test-Prac";
				PRODUCT_NAME = "$(TARGET_NAME)";
				SWIFT_EMIT_LOC_STRINGS = YES;
				SWIFT_VERSION = 5.0;
				TARGETED_DEVICE_FAMILY = "1,2";
			};
			name = Debug;
		};
		8487AD6F2CAE460200577860 /* Release */ = {
			isa = XCBuildConfiguration;
			buildSettings = {
				ASSETCATALOG_COMPILER_APPICON_NAME = AppIcon;
				ASSETCATALOG_COMPILER_GLOBAL_ACCENT_COLOR_NAME = AccentColor;
				CODE_SIGN_STYLE = Automatic;
				CURRENT_PROJECT_VERSION = 1;
				GENERATE_INFOPLIST_FILE = YES;
				INFOPLIST_FILE = Test_Prac/Info.plist;
				INFOPLIST_KEY_UIApplicationSupportsIndirectInputEvents = YES;
				INFOPLIST_KEY_UILaunchStoryboardName = LaunchScreen;
				INFOPLIST_KEY_UIMainStoryboardFile = Main;
				INFOPLIST_KEY_UISupportedInterfaceOrientations_iPad = "UIInterfaceOrientationPortrait UIInterfaceOrientationPortraitUpsideDown UIInterfaceOrientationLandscapeLeft UIInterfaceOrientationLandscapeRight";
				INFOPLIST_KEY_UISupportedInterfaceOrientations_iPhone = "UIInterfaceOrientationPortrait UIInterfaceOrientationLandscapeLeft UIInterfaceOrientationLandscapeRight";
				LD_RUNPATH_SEARCH_PATHS = (
					"$(inherited)",
					"@executable_path/Frameworks",
				);
				MARKETING_VERSION = 1.0;
				PRODUCT_BUNDLE_IDENTIFIER = "com.example.Test-Prac";
				PRODUCT_NAME = "$(TARGET_NAME)";
				SWIFT_EMIT_LOC_STRINGS = YES;
				SWIFT_VERSION = 5.0;
				TARGETED_DEVICE_FAMILY = "1,2";
			};
			name = Release;
		};
/* End XCBuildConfiguration section */

/* Begin XCConfigurationList section */
		8487AD512CAE45F700577860 /* Build configuration list for PBXProject "Test_Prac" */ = {
			isa = XCConfigurationList;
			buildConfigurations = (
				8487AD6B2CAE460200577860 /* Debug */,
				8487AD6C2CAE460200577860 /* Release */,
			);
			defaultConfigurationIsVisible = 0;
			defaultConfigurationName = Release;
		};
		8487AD6D2CAE460200577860 /* Build configuration list for PBXNativeTarget "Test_Prac" */ = {
			isa = XCConfigurationList;
			buildConfigurations = (
				8487AD6E2CAE460200577860 /* Debug */,
				8487AD6F2CAE460200577860 /* Release */,
			);
			defaultConfigurationIsVisible = 0;
			defaultConfigurationName = Release;
		};
/* End XCConfigurationList section */

/* Begin XCRemoteSwiftPackageReference section */
		84D610812CAE50D700739581 /* XCRemoteSwiftPackageReference "Alamofire" */ = {
			isa = XCRemoteSwiftPackageReference;
			repositoryURL = "https://github.com/Alamofire/Alamofire.git";
			requirement = {
				kind = exactVersion;
				version = 5.8.1;
			};
		};
/* End XCRemoteSwiftPackageReference section */

/* Begin XCSwiftPackageProductDependency section */
		84D610822CAE50D700739581 /* Alamofire */ = {
			isa = XCSwiftPackageProductDependency;
			package = 84D610812CAE50D700739581 /* XCRemoteSwiftPackageReference "Alamofire" */;
			productName = Alamofire;
		};
/* End XCSwiftPackageProductDependency section */

/* Begin XCVersionGroup section */
		8487AD622CAE45F700577860 /* Test_Prac.xcdatamodeld */ = {
			isa = XCVersionGroup;
			children = (
				8487AD632CAE45F700577860 /* Test_Prac.xcdatamodel */,
			);
			currentVersion = 8487AD632CAE45F700577860 /* Test_Prac.xcdatamodel */;
			path = Test_Prac.xcdatamodeld;
			sourceTree = "<group>";
			versionGroupType = wrapper.xcdatamodel;
		};
/* End XCVersionGroup section */
	};
	rootObject = 8487AD4E2CAE45F700577860 /* Project object */;
}
