// !$*UTF8*$!
{
	archiveVersion = 1;
	classes = {
	};
	objectVersion = 56;
	objects = {

/* Begin PBXBuildFile section */
		844B688B2CF57EBB006143CA /* AppDelegate.swift in Sources */ = {isa = PBXBuildFile; fileRef = 844B688A2CF57EBB006143CA /* AppDelegate.swift */; };
		844B688D2CF57EBB006143CA /* SceneDelegate.swift in Sources */ = {isa = PBXBuildFile; fileRef = 844B688C2CF57EBB006143CA /* SceneDelegate.swift */; };
		844B688F2CF57EBB006143CA /* ViewController.swift in Sources */ = {isa = PBXBuildFile; fileRef = 844B688E2CF57EBB006143CA /* ViewController.swift */; };
		844B68922CF57EBB006143CA /* Base in Resources */ = {isa = PBXBuildFile; fileRef = 844B68912CF57EBB006143CA /* Base */; };
		844B68952CF57EBB006143CA /* FormDataTask.xcdatamodeld in Sources */ = {isa = PBXBuildFile; fileRef = 844B68932CF57EBB006143CA /* FormDataTask.xcdatamodeld */; };
		844B68972CF57EBC006143CA /* Assets.xcassets in Resources */ = {isa = PBXBuildFile; fileRef = 844B68962CF57EBC006143CA /* Assets.xcassets */; };
		844B689A2CF57EBC006143CA /* Base in Resources */ = {isa = PBXBuildFile; fileRef = 844B68992CF57EBC006143CA /* Base */; };
		844B68A32CF58188006143CA /* FormDataModal.swift in Sources */ = {isa = PBXBuildFile; fileRef = 844B68A22CF58188006143CA /* FormDataModal.swift */; };
		844B68A62CF588B8006143CA /* FormDataCell.swift in Sources */ = {isa = PBXBuildFile; fileRef = 844B68A42CF588B8006143CA /* FormDataCell.swift */; };
		844B68A72CF588B8006143CA /* FormDataCell.xib in Resources */ = {isa = PBXBuildFile; fileRef = 844B68A52CF588B8006143CA /* FormDataCell.xib */; };
		844B68A92CF58966006143CA /* ShowDetailsVC.swift in Sources */ = {isa = PBXBuildFile; fileRef = 844B68A82CF58966006143CA /* ShowDetailsVC.swift */; };
/* End PBXBuildFile section */

/* Begin PBXFileReference section */
		844B68872CF57EBA006143CA /* FormDataTask.app */ = {isa = PBXFileReference; explicitFileType = wrapper.application; includeInIndex = 0; path = FormDataTask.app; sourceTree = BUILT_PRODUCTS_DIR; };
		844B688A2CF57EBB006143CA /* AppDelegate.swift */ = {isa = PBXFileReference; lastKnownFileType = sourcecode.swift; path = AppDelegate.swift; sourceTree = "<group>"; };
		844B688C2CF57EBB006143CA /* SceneDelegate.swift */ = {isa = PBXFileReference; lastKnownFileType = sourcecode.swift; path = SceneDelegate.swift; sourceTree = "<group>"; };
		844B688E2CF57EBB006143CA /* ViewController.swift */ = {isa = PBXFileReference; lastKnownFileType = sourcecode.swift; path = ViewController.swift; sourceTree = "<group>"; };
		844B68912CF57EBB006143CA /* Base */ = {isa = PBXFileReference; lastKnownFileType = file.storyboard; name = Base; path = Base.lproj/Main.storyboard; sourceTree = "<group>"; };
		844B68942CF57EBB006143CA /* FormDataTask.xcdatamodel */ = {isa = PBXFileReference; lastKnownFileType = wrapper.xcdatamodel; path = FormDataTask.xcdatamodel; sourceTree = "<group>"; };
		844B68962CF57EBC006143CA /* Assets.xcassets */ = {isa = PBXFileReference; lastKnownFileType = folder.assetcatalog; path = Assets.xcassets; sourceTree = "<group>"; };
		844B68992CF57EBC006143CA /* Base */ = {isa = PBXFileReference; lastKnownFileType = file.storyboard; name = Base; path = Base.lproj/LaunchScreen.storyboard; sourceTree = "<group>"; };
		844B689B2CF57EBC006143CA /* Info.plist */ = {isa = PBXFileReference; lastKnownFileType = text.plist.xml; path = Info.plist; sourceTree = "<group>"; };
		844B68A22CF58188006143CA /* FormDataModal.swift */ = {isa = PBXFileReference; lastKnownFileType = sourcecode.swift; path = FormDataModal.swift; sourceTree = "<group>"; };
		844B68A42CF588B8006143CA /* FormDataCell.swift */ = {isa = PBXFileReference; lastKnownFileType = sourcecode.swift; path = FormDataCell.swift; sourceTree = "<group>"; };
		844B68A52CF588B8006143CA /* FormDataCell.xib */ = {isa = PBXFileReference; lastKnownFileType = file.xib; path = FormDataCell.xib; sourceTree = "<group>"; };
		844B68A82CF58966006143CA /* ShowDetailsVC.swift */ = {isa = PBXFileReference; lastKnownFileType = sourcecode.swift; path = ShowDetailsVC.swift; sourceTree = "<group>"; };
/* End PBXFileReference section */

/* Begin PBXFrameworksBuildPhase section */
		844B68842CF57EBA006143CA /* Frameworks */ = {
			isa = PBXFrameworksBuildPhase;
			buildActionMask = 2147483647;
			files = (
			);
			runOnlyForDeploymentPostprocessing = 0;
		};
/* End PBXFrameworksBuildPhase section */

/* Begin PBXGroup section */
		844B687E2CF57EBA006143CA = {
			isa = PBXGroup;
			children = (
				844B68892CF57EBA006143CA /* FormDataTask */,
				844B68882CF57EBA006143CA /* Products */,
			);
			sourceTree = "<group>";
		};
		844B68882CF57EBA006143CA /* Products */ = {
			isa = PBXGroup;
			children = (
				844B68872CF57EBA006143CA /* FormDataTask.app */,
			);
			name = Products;
			sourceTree = "<group>";
		};
		844B68892CF57EBA006143CA /* FormDataTask */ = {
			isa = PBXGroup;
			children = (
				844B68A12CF5816C006143CA /* Services */,
				844B688A2CF57EBB006143CA /* AppDelegate.swift */,
				844B688C2CF57EBB006143CA /* SceneDelegate.swift */,
				844B688E2CF57EBB006143CA /* ViewController.swift */,
				844B68902CF57EBB006143CA /* Main.storyboard */,
				844B68962CF57EBC006143CA /* Assets.xcassets */,
				844B68982CF57EBC006143CA /* LaunchScreen.storyboard */,
				844B689B2CF57EBC006143CA /* Info.plist */,
				844B68932CF57EBB006143CA /* FormDataTask.xcdatamodeld */,
				844B68A82CF58966006143CA /* ShowDetailsVC.swift */,
			);
			path = FormDataTask;
			sourceTree = "<group>";
		};
		844B68A12CF5816C006143CA /* Services */ = {
			isa = PBXGroup;
			children = (
				844B68A22CF58188006143CA /* FormDataModal.swift */,
				844B68A42CF588B8006143CA /* FormDataCell.swift */,
				844B68A52CF588B8006143CA /* FormDataCell.xib */,
			);
			path = Services;
			sourceTree = "<group>";
		};
/* End PBXGroup section */

/* Begin PBXNativeTarget section */
		844B68862CF57EBA006143CA /* FormDataTask */ = {
			isa = PBXNativeTarget;
			buildConfigurationList = 844B689E2CF57EBC006143CA /* Build configuration list for PBXNativeTarget "FormDataTask" */;
			buildPhases = (
				844B68832CF57EBA006143CA /* Sources */,
				844B68842CF57EBA006143CA /* Frameworks */,
				844B68852CF57EBA006143CA /* Resources */,
			);
			buildRules = (
			);
			dependencies = (
			);
			name = FormDataTask;
			productName = FormDataTask;
			productReference = 844B68872CF57EBA006143CA /* FormDataTask.app */;
			productType = "com.apple.product-type.application";
		};
/* End PBXNativeTarget section */

/* Begin PBXProject section */
		844B687F2CF57EBA006143CA /* Project object */ = {
			isa = PBXProject;
			attributes = {
				BuildIndependentTargetsInParallel = 1;
				LastSwiftUpdateCheck = 1540;
				LastUpgradeCheck = 1540;
				TargetAttributes = {
					844B68862CF57EBA006143CA = {
						CreatedOnToolsVersion = 15.4;
					};
				};
			};
			buildConfigurationList = 844B68822CF57EBA006143CA /* Build configuration list for PBXProject "FormDataTask" */;
			compatibilityVersion = "Xcode 14.0";
			developmentRegion = en;
			hasScannedForEncodings = 0;
			knownRegions = (
				en,
				Base,
			);
			mainGroup = 844B687E2CF57EBA006143CA;
			productRefGroup = 844B68882CF57EBA006143CA /* Products */;
			projectDirPath = "";
			projectRoot = "";
			targets = (
				844B68862CF57EBA006143CA /* FormDataTask */,
			);
		};
/* End PBXProject section */

/* Begin PBXResourcesBuildPhase section */
		844B68852CF57EBA006143CA /* Resources */ = {
			isa = PBXResourcesBuildPhase;
			buildActionMask = 2147483647;
			files = (
				844B68972CF57EBC006143CA /* Assets.xcassets in Resources */,
				844B689A2CF57EBC006143CA /* Base in Resources */,
				844B68922CF57EBB006143CA /* Base in Resources */,
				844B68A72CF588B8006143CA /* FormDataCell.xib in Resources */,
			);
			runOnlyForDeploymentPostprocessing = 0;
		};
/* End PBXResourcesBuildPhase section */

/* Begin PBXSourcesBuildPhase section */
		844B68832CF57EBA006143CA /* Sources */ = {
			isa = PBXSourcesBuildPhase;
			buildActionMask = 2147483647;
			files = (
				844B688F2CF57EBB006143CA /* ViewController.swift in Sources */,
				844B688B2CF57EBB006143CA /* AppDelegate.swift in Sources */,
				844B68A92CF58966006143CA /* ShowDetailsVC.swift in Sources */,
				844B68952CF57EBB006143CA /* FormDataTask.xcdatamodeld in Sources */,
				844B688D2CF57EBB006143CA /* SceneDelegate.swift in Sources */,
				844B68A32CF58188006143CA /* FormDataModal.swift in Sources */,
				844B68A62CF588B8006143CA /* FormDataCell.swift in Sources */,
			);
			runOnlyForDeploymentPostprocessing = 0;
		};
/* End PBXSourcesBuildPhase section */

/* Begin PBXVariantGroup section */
		844B68902CF57EBB006143CA /* Main.storyboard */ = {
			isa = PBXVariantGroup;
			children = (
				844B68912CF57EBB006143CA /* Base */,
			);
			name = Main.storyboard;
			sourceTree = "<group>";
		};
		844B68982CF57EBC006143CA /* LaunchScreen.storyboard */ = {
			isa = PBXVariantGroup;
			children = (
				844B68992CF57EBC006143CA /* Base */,
			);
			name = LaunchScreen.storyboard;
			sourceTree = "<group>";
		};
/* End PBXVariantGroup section */

/* Begin XCBuildConfiguration section */
		844B689C2CF57EBC006143CA /* Debug */ = {
			isa = XCBuildConfiguration;
			buildSettings = {
				ALWAYS_SEARCH_USER_PATHS = NO;
				ASSETCATALOG_COMPILER_GENERATE_SWIFT_ASSET_SYMBOL_EXTENSIONS = YES;
				CLANG_ANALYZER_NONNULL = YES;
				CLANG_ANALYZER_NUMBER_OBJECT_CONVERSION = YES_AGGRESSIVE;
				CLANG_CXX_LANGUAGE_STANDARD = "gnu++20";
				CLANG_ENABLE_MODULES = YES;
				CLANG_ENABLE_OBJC_ARC = YES;
				CLANG_ENABLE_OBJC_WEAK = YES;
				CLANG_WARN_BLOCK_CAPTURE_AUTORELEASING = YES;
				CLANG_WARN_BOOL_CONVERSION = YES;
				CLANG_WARN_COMMA = YES;
				CLANG_WARN_CONSTANT_CONVERSION = YES;
				CLANG_WARN_DEPRECATED_OBJC_IMPLEMENTATIONS = YES;
				CLANG_WARN_DIRECT_OBJC_ISA_USAGE = YES_ERROR;
				CLANG_WARN_DOCUMENTATION_COMMENTS = YES;
				CLANG_WARN_EMPTY_BODY = YES;
				CLANG_WARN_ENUM_CONVERSION = YES;
				CLANG_WARN_INFINITE_RECURSION = YES;
				CLANG_WARN_INT_CONVERSION = YES;
				CLANG_WARN_NON_LITERAL_NULL_CONVERSION = YES;
				CLANG_WARN_OBJC_IMPLICIT_RETAIN_SELF = YES;
				CLANG_WARN_OBJC_LITERAL_CONVERSION = YES;
				CLANG_WARN_OBJC_ROOT_CLASS = YES_ERROR;
				CLANG_WARN_QUOTED_INCLUDE_IN_FRAMEWORK_HEADER = YES;
				CLANG_WARN_RANGE_LOOP_ANALYSIS = YES;
				CLANG_WARN_STRICT_PROTOTYPES = YES;
				CLANG_WARN_SUSPICIOUS_MOVE = YES;
				CLANG_WARN_UNGUARDED_AVAILABILITY = YES_AGGRESSIVE;
				CLANG_WARN_UNREACHABLE_CODE = YES;
				CLANG_WARN__DUPLICATE_METHOD_MATCH = YES;
				COPY_PHASE_STRIP = NO;
				DEBUG_INFORMATION_FORMAT = dwarf;
				ENABLE_STRICT_OBJC_MSGSEND = YES;
				ENABLE_TESTABILITY = YES;
				ENABLE_USER_SCRIPT_SANDBOXING = YES;
				GCC_C_LANGUAGE_STANDARD = gnu17;
				GCC_DYNAMIC_NO_PIC = NO;
				GCC_NO_COMMON_BLOCKS = YES;
				GCC_OPTIMIZATION_LEVEL = 0;
				GCC_PREPROCESSOR_DEFINITIONS = (
					"DEBUG=1",
					"$(inherited)",
				);
				GCC_WARN_64_TO_32_BIT_CONVERSION = YES;
				GCC_WARN_ABOUT_RETURN_TYPE = YES_ERROR;
				GCC_WARN_UNDECLARED_SELECTOR = YES;
				GCC_WARN_UNINITIALIZED_AUTOS = YES_AGGRESSIVE;
				GCC_WARN_UNUSED_FUNCTION = YES;
				GCC_WARN_UNUSED_VARIABLE = YES;
				IPHONEOS_DEPLOYMENT_TARGET = 17.5;
				LOCALIZATION_PREFERS_STRING_CATALOGS = YES;
				MTL_ENABLE_DEBUG_INFO = INCLUDE_SOURCE;
				MTL_FAST_MATH = YES;
				ONLY_ACTIVE_ARCH = YES;
				SDKROOT = iphoneos;
				SWIFT_ACTIVE_COMPILATION_CONDITIONS = "DEBUG $(inherited)";
				SWIFT_OPTIMIZATION_LEVEL = "-Onone";
			};
			name = Debug;
		};
		844B689D2CF57EBC006143CA /* Release */ = {
			isa = XCBuildConfiguration;
			buildSettings = {
				ALWAYS_SEARCH_USER_PATHS = NO;
				ASSETCATALOG_COMPILER_GENERATE_SWIFT_ASSET_SYMBOL_EXTENSIONS = YES;
				CLANG_ANALYZER_NONNULL = YES;
				CLANG_ANALYZER_NUMBER_OBJECT_CONVERSION = YES_AGGRESSIVE;
				CLANG_CXX_LANGUAGE_STANDARD = "gnu++20";
				CLANG_ENABLE_MODULES = YES;
				CLANG_ENABLE_OBJC_ARC = YES;
				CLANG_ENABLE_OBJC_WEAK = YES;
				CLANG_WARN_BLOCK_CAPTURE_AUTORELEASING = YES;
				CLANG_WARN_BOOL_CONVERSION = YES;
				CLANG_WARN_COMMA = YES;
				CLANG_WARN_CONSTANT_CONVERSION = YES;
				CLANG_WARN_DEPRECATED_OBJC_IMPLEMENTATIONS = YES;
				CLANG_WARN_DIRECT_OBJC_ISA_USAGE = YES_ERROR;
				CLANG_WARN_DOCUMENTATION_COMMENTS = YES;
				CLANG_WARN_EMPTY_BODY = YES;
				CLANG_WARN_ENUM_CONVERSION = YES;
				CLANG_WARN_INFINITE_RECURSION = YES;
				CLANG_WARN_INT_CONVERSION = YES;
				CLANG_WARN_NON_LITERAL_NULL_CONVERSION = YES;
				CLANG_WARN_OBJC_IMPLICIT_RETAIN_SELF = YES;
				CLANG_WARN_OBJC_LITERAL_CONVERSION = YES;
				CLANG_WARN_OBJC_ROOT_CLASS = YES_ERROR;
				CLANG_WARN_QUOTED_INCLUDE_IN_FRAMEWORK_HEADER = YES;
				CLANG_WARN_RANGE_LOOP_ANALYSIS = YES;
				CLANG_WARN_STRICT_PROTOTYPES = YES;
				CLANG_WARN_SUSPICIOUS_MOVE = YES;
				CLANG_WARN_UNGUARDED_AVAILABILITY = YES_AGGRESSIVE;
				CLANG_WARN_UNREACHABLE_CODE = YES;
				CLANG_WARN__DUPLICATE_METHOD_MATCH = YES;
				COPY_PHASE_STRIP = NO;
				DEBUG_INFORMATION_FORMAT = "dwarf-with-dsym";
				ENABLE_NS_ASSERTIONS = NO;
				ENABLE_STRICT_OBJC_MSGSEND = YES;
				ENABLE_USER_SCRIPT_SANDBOXING = YES;
				GCC_C_LANGUAGE_STANDARD = gnu17;
				GCC_NO_COMMON_BLOCKS = YES;
				GCC_WARN_64_TO_32_BIT_CONVERSION = YES;
				GCC_WARN_ABOUT_RETURN_TYPE = YES_ERROR;
				GCC_WARN_UNDECLARED_SELECTOR = YES;
				GCC_WARN_UNINITIALIZED_AUTOS = YES_AGGRESSIVE;
				GCC_WARN_UNUSED_FUNCTION = YES;
				GCC_WARN_UNUSED_VARIABLE = YES;
				IPHONEOS_DEPLOYMENT_TARGET = 17.5;
				LOCALIZATION_PREFERS_STRING_CATALOGS = YES;
				MTL_ENABLE_DEBUG_INFO = NO;
				MTL_FAST_MATH = YES;
				SDKROOT = iphoneos;
				SWIFT_COMPILATION_MODE = wholemodule;
				VALIDATE_PRODUCT = YES;
			};
			name = Release;
		};
		844B689F2CF57EBC006143CA /* Debug */ = {
			isa = XCBuildConfiguration;
			buildSettings = {
				ASSETCATALOG_COMPILER_APPICON_NAME = AppIcon;
				ASSETCATALOG_COMPILER_GLOBAL_ACCENT_COLOR_NAME = AccentColor;
				CODE_SIGN_STYLE = Automatic;
				CURRENT_PROJECT_VERSION = 1;
				GENERATE_INFOPLIST_FILE = YES;
				INFOPLIST_FILE = FormDataTask/Info.plist;
				INFOPLIST_KEY_UIApplicationSupportsIndirectInputEvents = YES;
				INFOPLIST_KEY_UILaunchStoryboardName = LaunchScreen;
				INFOPLIST_KEY_UIMainStoryboardFile = Main;
				INFOPLIST_KEY_UISupportedInterfaceOrientations_iPad = "UIInterfaceOrientationPortrait UIInterfaceOrientationPortraitUpsideDown UIInterfaceOrientationLandscapeLeft UIInterfaceOrientationLandscapeRight";
				INFOPLIST_KEY_UISupportedInterfaceOrientations_iPhone = "UIInterfaceOrientationPortrait UIInterfaceOrientationLandscapeLeft UIInterfaceOrientationLandscapeRight";
				LD_RUNPATH_SEARCH_PATHS = (
					"$(inherited)",
					"@executable_path/Frameworks",
				);
				MARKETING_VERSION = 1.0;
				PRODUCT_BUNDLE_IDENTIFIER = com.example.FormDataTask;
				PRODUCT_NAME = "$(TARGET_NAME)";
				SWIFT_EMIT_LOC_STRINGS = YES;
				SWIFT_VERSION = 5.0;
				TARGETED_DEVICE_FAMILY = "1,2";
			};
			name = Debug;
		};
		844B68A02CF57EBC006143CA /* Release */ = {
			isa = XCBuildConfiguration;
			buildSettings = {
				ASSETCATALOG_COMPILER_APPICON_NAME = AppIcon;
				ASSETCATALOG_COMPILER_GLOBAL_ACCENT_COLOR_NAME = AccentColor;
				CODE_SIGN_STYLE = Automatic;
				CURRENT_PROJECT_VERSION = 1;
				GENERATE_INFOPLIST_FILE = YES;
				INFOPLIST_FILE = FormDataTask/Info.plist;
				INFOPLIST_KEY_UIApplicationSupportsIndirectInputEvents = YES;
				INFOPLIST_KEY_UILaunchStoryboardName = LaunchScreen;
				INFOPLIST_KEY_UIMainStoryboardFile = Main;
				INFOPLIST_KEY_UISupportedInterfaceOrientations_iPad = "UIInterfaceOrientationPortrait UIInterfaceOrientationPortraitUpsideDown UIInterfaceOrientationLandscapeLeft UIInterfaceOrientationLandscapeRight";
				INFOPLIST_KEY_UISupportedInterfaceOrientations_iPhone = "UIInterfaceOrientationPortrait UIInterfaceOrientationLandscapeLeft UIInterfaceOrientationLandscapeRight";
				LD_RUNPATH_SEARCH_PATHS = (
					"$(inherited)",
					"@executable_path/Frameworks",
				);
				MARKETING_VERSION = 1.0;
				PRODUCT_BUNDLE_IDENTIFIER = com.example.FormDataTask;
				PRODUCT_NAME = "$(TARGET_NAME)";
				SWIFT_EMIT_LOC_STRINGS = YES;
				SWIFT_VERSION = 5.0;
				TARGETED_DEVICE_FAMILY = "1,2";
			};
			name = Release;
		};
/* End XCBuildConfiguration section */

/* Begin XCConfigurationList section */
		844B68822CF57EBA006143CA /* Build configuration list for PBXProject "FormDataTask" */ = {
			isa = XCConfigurationList;
			buildConfigurations = (
				844B689C2CF57EBC006143CA /* Debug */,
				844B689D2CF57EBC006143CA /* Release */,
			);
			defaultConfigurationIsVisible = 0;
			defaultConfigurationName = Release;
		};
		844B689E2CF57EBC006143CA /* Build configuration list for PBXNativeTarget "FormDataTask" */ = {
			isa = XCConfigurationList;
			buildConfigurations = (
				844B689F2CF57EBC006143CA /* Debug */,
				844B68A02CF57EBC006143CA /* Release */,
			);
			defaultConfigurationIsVisible = 0;
			defaultConfigurationName = Release;
		};
/* End XCConfigurationList section */

/* Begin XCVersionGroup section */
		844B68932CF57EBB006143CA /* FormDataTask.xcdatamodeld */ = {
			isa = XCVersionGroup;
			children = (
				844B68942CF57EBB006143CA /* FormDataTask.xcdatamodel */,
			);
			currentVersion = 844B68942CF57EBB006143CA /* FormDataTask.xcdatamodel */;
			path = FormDataTask.xcdatamodeld;
			sourceTree = "<group>";
			versionGroupType = wrapper.xcdatamodel;
		};
/* End XCVersionGroup section */
	};
	rootObject = 844B687F2CF57EBA006143CA /* Project object */;
}
