// !$*UTF8*$!
{
	archiveVersion = 1;
	classes = {
	};
	objectVersion = 56;
	objects = {

/* Begin PBXBuildFile section */
		5534D9442CFEBAA400E20A31 /* AppDelegate.swift in Sources */ = {isa = PBXBuildFile; fileRef = 5534D9432CFEBAA400E20A31 /* AppDelegate.swift */; };
		5534D9462CFEBAA400E20A31 /* SceneDelegate.swift in Sources */ = {isa = PBXBuildFile; fileRef = 5534D9452CFEBAA400E20A31 /* SceneDelegate.swift */; };
		5534D9482CFEBAA400E20A31 /* ViewController.swift in Sources */ = {isa = PBXBuildFile; fileRef = 5534D9472CFEBAA400E20A31 /* ViewController.swift */; };
		5534D94B2CFEBAA400E20A31 /* Base in Resources */ = {isa = PBXBuildFile; fileRef = 5534D94A2CFEBAA400E20A31 /* Base */; };
		5534D94E2CFEBAA400E20A31 /* SegmentWithApi.xcdatamodeld in Sources */ = {isa = PBXBuildFile; fileRef = 5534D94C2CFEBAA400E20A31 /* SegmentWithApi.xcdatamodeld */; };
		5534D9502CFEBAA500E20A31 /* Assets.xcassets in Resources */ = {isa = PBXBuildFile; fileRef = 5534D94F2CFEBAA500E20A31 /* Assets.xcassets */; };
		5534D9532CFEBAA500E20A31 /* Base in Resources */ = {isa = PBXBuildFile; fileRef = 5534D9522CFEBAA500E20A31 /* Base */; };
		5534D95D2CFEBFBD00E20A31 /* TVCell.swift in Sources */ = {isa = PBXBuildFile; fileRef = 5534D95B2CFEBFBD00E20A31 /* TVCell.swift */; };
		5534D95E2CFEBFBD00E20A31 /* TVCell.xib in Resources */ = {isa = PBXBuildFile; fileRef = 5534D95C2CFEBFBD00E20A31 /* TVCell.xib */; };
		5534D9612CFEC5C000E20A31 /* Alamofire in Frameworks */ = {isa = PBXBuildFile; productRef = 5534D9602CFEC5C000E20A31 /* Alamofire */; };
		5534D9642CFEC5E200E20A31 /* ApiCall.swift in Sources */ = {isa = PBXBuildFile; fileRef = 5534D9632CFEC5E200E20A31 /* ApiCall.swift */; };
		5534D9672CFEC69000E20A31 /* JokeModel.swift in Sources */ = {isa = PBXBuildFile; fileRef = 5534D9662CFEC69000E20A31 /* JokeModel.swift */; };
		5534D9692CFED55900E20A31 /* FormVC.swift in Sources */ = {isa = PBXBuildFile; fileRef = 5534D9682CFED55900E20A31 /* FormVC.swift */; };
/* End PBXBuildFile section */

/* Begin PBXFileReference section */
		5534D9402CFEBAA400E20A31 /* SegmentWithApi.app */ = {isa = PBXFileReference; explicitFileType = wrapper.application; includeInIndex = 0; path = SegmentWithApi.app; sourceTree = BUILT_PRODUCTS_DIR; };
		5534D9432CFEBAA400E20A31 /* AppDelegate.swift */ = {isa = PBXFileReference; lastKnownFileType = sourcecode.swift; path = AppDelegate.swift; sourceTree = "<group>"; };
		5534D9452CFEBAA400E20A31 /* SceneDelegate.swift */ = {isa = PBXFileReference; lastKnownFileType = sourcecode.swift; path = SceneDelegate.swift; sourceTree = "<group>"; };
		5534D9472CFEBAA400E20A31 /* ViewController.swift */ = {isa = PBXFileReference; lastKnownFileType = sourcecode.swift; path = ViewController.swift; sourceTree = "<group>"; };
		5534D94A2CFEBAA400E20A31 /* Base */ = {isa = PBXFileReference; lastKnownFileType = file.storyboard; name = Base; path = Base.lproj/Main.storyboard; sourceTree = "<group>"; };
		5534D94D2CFEBAA400E20A31 /* SegmentWithApi.xcdatamodel */ = {isa = PBXFileReference; lastKnownFileType = wrapper.xcdatamodel; path = SegmentWithApi.xcdatamodel; sourceTree = "<group>"; };
		5534D94F2CFEBAA500E20A31 /* Assets.xcassets */ = {isa = PBXFileReference; lastKnownFileType = folder.assetcatalog; path = Assets.xcassets; sourceTree = "<group>"; };
		5534D9522CFEBAA500E20A31 /* Base */ = {isa = PBXFileReference; lastKnownFileType = file.storyboard; name = Base; path = Base.lproj/LaunchScreen.storyboard; sourceTree = "<group>"; };
		5534D9542CFEBAA500E20A31 /* Info.plist */ = {isa = PBXFileReference; lastKnownFileType = text.plist.xml; path = Info.plist; sourceTree = "<group>"; };
		5534D95B2CFEBFBD00E20A31 /* TVCell.swift */ = {isa = PBXFileReference; lastKnownFileType = sourcecode.swift; path = TVCell.swift; sourceTree = "<group>"; };
		5534D95C2CFEBFBD00E20A31 /* TVCell.xib */ = {isa = PBXFileReference; lastKnownFileType = file.xib; path = TVCell.xib; sourceTree = "<group>"; };
		5534D9632CFEC5E200E20A31 /* ApiCall.swift */ = {isa = PBXFileReference; lastKnownFileType = sourcecode.swift; path = ApiCall.swift; sourceTree = "<group>"; };
		5534D9662CFEC69000E20A31 /* JokeModel.swift */ = {isa = PBXFileReference; lastKnownFileType = sourcecode.swift; path = JokeModel.swift; sourceTree = "<group>"; };
		5534D9682CFED55900E20A31 /* FormVC.swift */ = {isa = PBXFileReference; lastKnownFileType = sourcecode.swift; path = FormVC.swift; sourceTree = "<group>"; };
/* End PBXFileReference section */

/* Begin PBXFrameworksBuildPhase section */
		5534D93D2CFEBAA400E20A31 /* Frameworks */ = {
			isa = PBXFrameworksBuildPhase;
			buildActionMask = 2147483647;
			files = (
				5534D9612CFEC5C000E20A31 /* Alamofire in Frameworks */,
			);
			runOnlyForDeploymentPostprocessing = 0;
		};
/* End PBXFrameworksBuildPhase section */

/* Begin PBXGroup section */
		5534D9372CFEBAA400E20A31 = {
			isa = PBXGroup;
			children = (
				5534D9422CFEBAA400E20A31 /* SegmentWithApi */,
				5534D9412CFEBAA400E20A31 /* Products */,
			);
			sourceTree = "<group>";
		};
		5534D9412CFEBAA400E20A31 /* Products */ = {
			isa = PBXGroup;
			children = (
				5534D9402CFEBAA400E20A31 /* SegmentWithApi.app */,
			);
			name = Products;
			sourceTree = "<group>";
		};
		5534D9422CFEBAA400E20A31 /* SegmentWithApi */ = {
			isa = PBXGroup;
			children = (
				5534D9652CFEC5EC00E20A31 /* Model */,
				5534D9622CFEC5CF00E20A31 /* ApiServices */,
				5534D95A2CFEBED600E20A31 /* Cell */,
				5534D9432CFEBAA400E20A31 /* AppDelegate.swift */,
				5534D9452CFEBAA400E20A31 /* SceneDelegate.swift */,
				5534D9472CFEBAA400E20A31 /* ViewController.swift */,
				5534D9492CFEBAA400E20A31 /* Main.storyboard */,
				5534D94F2CFEBAA500E20A31 /* Assets.xcassets */,
				5534D9512CFEBAA500E20A31 /* LaunchScreen.storyboard */,
				5534D9542CFEBAA500E20A31 /* Info.plist */,
				5534D94C2CFEBAA400E20A31 /* SegmentWithApi.xcdatamodeld */,
				5534D9682CFED55900E20A31 /* FormVC.swift */,
			);
			path = SegmentWithApi;
			sourceTree = "<group>";
		};
		5534D95A2CFEBED600E20A31 /* Cell */ = {
			isa = PBXGroup;
			children = (
				5534D95B2CFEBFBD00E20A31 /* TVCell.swift */,
				5534D95C2CFEBFBD00E20A31 /* TVCell.xib */,
			);
			path = Cell;
			sourceTree = "<group>";
		};
		5534D9622CFEC5CF00E20A31 /* ApiServices */ = {
			isa = PBXGroup;
			children = (
				5534D9632CFEC5E200E20A31 /* ApiCall.swift */,
			);
			path = ApiServices;
			sourceTree = "<group>";
		};
		5534D9652CFEC5EC00E20A31 /* Model */ = {
			isa = PBXGroup;
			children = (
				5534D9662CFEC69000E20A31 /* JokeModel.swift */,
			);
			path = Model;
			sourceTree = "<group>";
		};
/* End PBXGroup section */

/* Begin PBXNativeTarget section */
		5534D93F2CFEBAA400E20A31 /* SegmentWithApi */ = {
			isa = PBXNativeTarget;
			buildConfigurationList = 5534D9572CFEBAA500E20A31 /* Build configuration list for PBXNativeTarget "SegmentWithApi" */;
			buildPhases = (
				5534D93C2CFEBAA400E20A31 /* Sources */,
				5534D93D2CFEBAA400E20A31 /* Frameworks */,
				5534D93E2CFEBAA400E20A31 /* Resources */,
			);
			buildRules = (
			);
			dependencies = (
			);
			name = SegmentWithApi;
			packageProductDependencies = (
				5534D9602CFEC5C000E20A31 /* Alamofire */,
			);
			productName = SegmentWithApi;
			productReference = 5534D9402CFEBAA400E20A31 /* SegmentWithApi.app */;
			productType = "com.apple.product-type.application";
		};
/* End PBXNativeTarget section */

/* Begin PBXProject section */
		5534D9382CFEBAA400E20A31 /* Project object */ = {
			isa = PBXProject;
			attributes = {
				BuildIndependentTargetsInParallel = 1;
				LastSwiftUpdateCheck = 1540;
				LastUpgradeCheck = 1540;
				TargetAttributes = {
					5534D93F2CFEBAA400E20A31 = {
						CreatedOnToolsVersion = 15.4;
					};
				};
			};
			buildConfigurationList = 5534D93B2CFEBAA400E20A31 /* Build configuration list for PBXProject "SegmentWithApi" */;
			compatibilityVersion = "Xcode 14.0";
			developmentRegion = en;
			hasScannedForEncodings = 0;
			knownRegions = (
				en,
				Base,
			);
			mainGroup = 5534D9372CFEBAA400E20A31;
			packageReferences = (
				5534D95F2CFEC5C000E20A31 /* XCRemoteSwiftPackageReference "Alamofire" */,
			);
			productRefGroup = 5534D9412CFEBAA400E20A31 /* Products */;
			projectDirPath = "";
			projectRoot = "";
			targets = (
				5534D93F2CFEBAA400E20A31 /* SegmentWithApi */,
			);
		};
/* End PBXProject section */

/* Begin PBXResourcesBuildPhase section */
		5534D93E2CFEBAA400E20A31 /* Resources */ = {
			isa = PBXResourcesBuildPhase;
			buildActionMask = 2147483647;
			files = (
				5534D9502CFEBAA500E20A31 /* Assets.xcassets in Resources */,
				5534D95E2CFEBFBD00E20A31 /* TVCell.xib in Resources */,
				5534D9532CFEBAA500E20A31 /* Base in Resources */,
				5534D94B2CFEBAA400E20A31 /* Base in Resources */,
			);
			runOnlyForDeploymentPostprocessing = 0;
		};
/* End PBXResourcesBuildPhase section */

/* Begin PBXSourcesBuildPhase section */
		5534D93C2CFEBAA400E20A31 /* Sources */ = {
			isa = PBXSourcesBuildPhase;
			buildActionMask = 2147483647;
			files = (
				5534D9672CFEC69000E20A31 /* JokeModel.swift in Sources */,
				5534D94E2CFEBAA400E20A31 /* SegmentWithApi.xcdatamodeld in Sources */,
				5534D9482CFEBAA400E20A31 /* ViewController.swift in Sources */,
				5534D9442CFEBAA400E20A31 /* AppDelegate.swift in Sources */,
				5534D9692CFED55900E20A31 /* FormVC.swift in Sources */,
				5534D95D2CFEBFBD00E20A31 /* TVCell.swift in Sources */,
				5534D9642CFEC5E200E20A31 /* ApiCall.swift in Sources */,
				5534D9462CFEBAA400E20A31 /* SceneDelegate.swift in Sources */,
			);
			runOnlyForDeploymentPostprocessing = 0;
		};
/* End PBXSourcesBuildPhase section */

/* Begin PBXVariantGroup section */
		5534D9492CFEBAA400E20A31 /* Main.storyboard */ = {
			isa = PBXVariantGroup;
			children = (
				5534D94A2CFEBAA400E20A31 /* Base */,
			);
			name = Main.storyboard;
			sourceTree = "<group>";
		};
		5534D9512CFEBAA500E20A31 /* LaunchScreen.storyboard */ = {
			isa = PBXVariantGroup;
			children = (
				5534D9522CFEBAA500E20A31 /* Base */,
			);
			name = LaunchScreen.storyboard;
			sourceTree = "<group>";
		};
/* End PBXVariantGroup section */

/* Begin XCBuildConfiguration section */
		5534D9552CFEBAA500E20A31 /* Debug */ = {
			isa = XCBuildConfiguration;
			buildSettings = {
				ALWAYS_SEARCH_USER_PATHS = NO;
				ASSETCATALOG_COMPILER_GENERATE_SWIFT_ASSET_SYMBOL_EXTENSIONS = YES;
				CLANG_ANALYZER_NONNULL = YES;
				CLANG_ANALYZER_NUMBER_OBJECT_CONVERSION = YES_AGGRESSIVE;
				CLANG_CXX_LANGUAGE_STANDARD = "gnu++20";
				CLANG_ENABLE_MODULES = YES;
				CLANG_ENABLE_OBJC_ARC = YES;
				CLANG_ENABLE_OBJC_WEAK = YES;
				CLANG_WARN_BLOCK_CAPTURE_AUTORELEASING = YES;
				CLANG_WARN_BOOL_CONVERSION = YES;
				CLANG_WARN_COMMA = YES;
				CLANG_WARN_CONSTANT_CONVERSION = YES;
				CLANG_WARN_DEPRECATED_OBJC_IMPLEMENTATIONS = YES;
				CLANG_WARN_DIRECT_OBJC_ISA_USAGE = YES_ERROR;
				CLANG_WARN_DOCUMENTATION_COMMENTS = YES;
				CLANG_WARN_EMPTY_BODY = YES;
				CLANG_WARN_ENUM_CONVERSION = YES;
				CLANG_WARN_INFINITE_RECURSION = YES;
				CLANG_WARN_INT_CONVERSION = YES;
				CLANG_WARN_NON_LITERAL_NULL_CONVERSION = YES;
				CLANG_WARN_OBJC_IMPLICIT_RETAIN_SELF = YES;
				CLANG_WARN_OBJC_LITERAL_CONVERSION = YES;
				CLANG_WARN_OBJC_ROOT_CLASS = YES_ERROR;
				CLANG_WARN_QUOTED_INCLUDE_IN_FRAMEWORK_HEADER = YES;
				CLANG_WARN_RANGE_LOOP_ANALYSIS = YES;
				CLANG_WARN_STRICT_PROTOTYPES = YES;
				CLANG_WARN_SUSPICIOUS_MOVE = YES;
				CLANG_WARN_UNGUARDED_AVAILABILITY = YES_AGGRESSIVE;
				CLANG_WARN_UNREACHABLE_CODE = YES;
				CLANG_WARN__DUPLICATE_METHOD_MATCH = YES;
				COPY_PHASE_STRIP = NO;
				DEBUG_INFORMATION_FORMAT = dwarf;
				ENABLE_STRICT_OBJC_MSGSEND = YES;
				ENABLE_TESTABILITY = YES;
				ENABLE_USER_SCRIPT_SANDBOXING = YES;
				GCC_C_LANGUAGE_STANDARD = gnu17;
				GCC_DYNAMIC_NO_PIC = NO;
				GCC_NO_COMMON_BLOCKS = YES;
				GCC_OPTIMIZATION_LEVEL = 0;
				GCC_PREPROCESSOR_DEFINITIONS = (
					"DEBUG=1",
					"$(inherited)",
				);
				GCC_WARN_64_TO_32_BIT_CONVERSION = YES;
				GCC_WARN_ABOUT_RETURN_TYPE = YES_ERROR;
				GCC_WARN_UNDECLARED_SELECTOR = YES;
				GCC_WARN_UNINITIALIZED_AUTOS = YES_AGGRESSIVE;
				GCC_WARN_UNUSED_FUNCTION = YES;
				GCC_WARN_UNUSED_VARIABLE = YES;
				IPHONEOS_DEPLOYMENT_TARGET = 17.5;
				LOCALIZATION_PREFERS_STRING_CATALOGS = YES;
				MTL_ENABLE_DEBUG_INFO = INCLUDE_SOURCE;
				MTL_FAST_MATH = YES;
				ONLY_ACTIVE_ARCH = YES;
				SDKROOT = iphoneos;
				SWIFT_ACTIVE_COMPILATION_CONDITIONS = "DEBUG $(inherited)";
				SWIFT_OPTIMIZATION_LEVEL = "-Onone";
			};
			name = Debug;
		};
		5534D9562CFEBAA500E20A31 /* Release */ = {
			isa = XCBuildConfiguration;
			buildSettings = {
				ALWAYS_SEARCH_USER_PATHS = NO;
				ASSETCATALOG_COMPILER_GENERATE_SWIFT_ASSET_SYMBOL_EXTENSIONS = YES;
				CLANG_ANALYZER_NONNULL = YES;
				CLANG_ANALYZER_NUMBER_OBJECT_CONVERSION = YES_AGGRESSIVE;
				CLANG_CXX_LANGUAGE_STANDARD = "gnu++20";
				CLANG_ENABLE_MODULES = YES;
				CLANG_ENABLE_OBJC_ARC = YES;
				CLANG_ENABLE_OBJC_WEAK = YES;
				CLANG_WARN_BLOCK_CAPTURE_AUTORELEASING = YES;
				CLANG_WARN_BOOL_CONVERSION = YES;
				CLANG_WARN_COMMA = YES;
				CLANG_WARN_CONSTANT_CONVERSION = YES;
				CLANG_WARN_DEPRECATED_OBJC_IMPLEMENTATIONS = YES;
				CLANG_WARN_DIRECT_OBJC_ISA_USAGE = YES_ERROR;
				CLANG_WARN_DOCUMENTATION_COMMENTS = YES;
				CLANG_WARN_EMPTY_BODY = YES;
				CLANG_WARN_ENUM_CONVERSION = YES;
				CLANG_WARN_INFINITE_RECURSION = YES;
				CLANG_WARN_INT_CONVERSION = YES;
				CLANG_WARN_NON_LITERAL_NULL_CONVERSION = YES;
				CLANG_WARN_OBJC_IMPLICIT_RETAIN_SELF = YES;
				CLANG_WARN_OBJC_LITERAL_CONVERSION = YES;
				CLANG_WARN_OBJC_ROOT_CLASS = YES_ERROR;
				CLANG_WARN_QUOTED_INCLUDE_IN_FRAMEWORK_HEADER = YES;
				CLANG_WARN_RANGE_LOOP_ANALYSIS = YES;
				CLANG_WARN_STRICT_PROTOTYPES = YES;
				CLANG_WARN_SUSPICIOUS_MOVE = YES;
				CLANG_WARN_UNGUARDED_AVAILABILITY = YES_AGGRESSIVE;
				CLANG_WARN_UNREACHABLE_CODE = YES;
				CLANG_WARN__DUPLICATE_METHOD_MATCH = YES;
				COPY_PHASE_STRIP = NO;
				DEBUG_INFORMATION_FORMAT = "dwarf-with-dsym";
				ENABLE_NS_ASSERTIONS = NO;
				ENABLE_STRICT_OBJC_MSGSEND = YES;
				ENABLE_USER_SCRIPT_SANDBOXING = YES;
				GCC_C_LANGUAGE_STANDARD = gnu17;
				GCC_NO_COMMON_BLOCKS = YES;
				GCC_WARN_64_TO_32_BIT_CONVERSION = YES;
				GCC_WARN_ABOUT_RETURN_TYPE = YES_ERROR;
				GCC_WARN_UNDECLARED_SELECTOR = YES;
				GCC_WARN_UNINITIALIZED_AUTOS = YES_AGGRESSIVE;
				GCC_WARN_UNUSED_FUNCTION = YES;
				GCC_WARN_UNUSED_VARIABLE = YES;
				IPHONEOS_DEPLOYMENT_TARGET = 17.5;
				LOCALIZATION_PREFERS_STRING_CATALOGS = YES;
				MTL_ENABLE_DEBUG_INFO = NO;
				MTL_FAST_MATH = YES;
				SDKROOT = iphoneos;
				SWIFT_COMPILATION_MODE = wholemodule;
				VALIDATE_PRODUCT = YES;
			};
			name = Release;
		};
		5534D9582CFEBAA500E20A31 /* Debug */ = {
			isa = XCBuildConfiguration;
			buildSettings = {
				ASSETCATALOG_COMPILER_APPICON_NAME = AppIcon;
				ASSETCATALOG_COMPILER_GLOBAL_ACCENT_COLOR_NAME = AccentColor;
				CODE_SIGN_STYLE = Automatic;
				CURRENT_PROJECT_VERSION = 1;
				GENERATE_INFOPLIST_FILE = YES;
				INFOPLIST_FILE = SegmentWithApi/Info.plist;
				INFOPLIST_KEY_UIApplicationSupportsIndirectInputEvents = YES;
				INFOPLIST_KEY_UILaunchStoryboardName = LaunchScreen;
				INFOPLIST_KEY_UIMainStoryboardFile = Main;
				INFOPLIST_KEY_UISupportedInterfaceOrientations_iPad = "UIInterfaceOrientationPortrait UIInterfaceOrientationPortraitUpsideDown UIInterfaceOrientationLandscapeLeft UIInterfaceOrientationLandscapeRight";
				INFOPLIST_KEY_UISupportedInterfaceOrientations_iPhone = "UIInterfaceOrientationPortrait UIInterfaceOrientationLandscapeLeft UIInterfaceOrientationLandscapeRight";
				LD_RUNPATH_SEARCH_PATHS = (
					"$(inherited)",
					"@executable_path/Frameworks",
				);
				MARKETING_VERSION = 1.0;
				PRODUCT_BUNDLE_IDENTIFIER = com.sem3.SegmentWithApi;
				PRODUCT_NAME = "$(TARGET_NAME)";
				SWIFT_EMIT_LOC_STRINGS = YES;
				SWIFT_VERSION = 5.0;
				TARGETED_DEVICE_FAMILY = "1,2";
			};
			name = Debug;
		};
		5534D9592CFEBAA500E20A31 /* Release */ = {
			isa = XCBuildConfiguration;
			buildSettings = {
				ASSETCATALOG_COMPILER_APPICON_NAME = AppIcon;
				ASSETCATALOG_COMPILER_GLOBAL_ACCENT_COLOR_NAME = AccentColor;
				CODE_SIGN_STYLE = Automatic;
				CURRENT_PROJECT_VERSION = 1;
				GENERATE_INFOPLIST_FILE = YES;
				INFOPLIST_FILE = SegmentWithApi/Info.plist;
				INFOPLIST_KEY_UIApplicationSupportsIndirectInputEvents = YES;
				INFOPLIST_KEY_UILaunchStoryboardName = LaunchScreen;
				INFOPLIST_KEY_UIMainStoryboardFile = Main;
				INFOPLIST_KEY_UISupportedInterfaceOrientations_iPad = "UIInterfaceOrientationPortrait UIInterfaceOrientationPortraitUpsideDown UIInterfaceOrientationLandscapeLeft UIInterfaceOrientationLandscapeRight";
				INFOPLIST_KEY_UISupportedInterfaceOrientations_iPhone = "UIInterfaceOrientationPortrait UIInterfaceOrientationLandscapeLeft UIInterfaceOrientationLandscapeRight";
				LD_RUNPATH_SEARCH_PATHS = (
					"$(inherited)",
					"@executable_path/Frameworks",
				);
				MARKETING_VERSION = 1.0;
				PRODUCT_BUNDLE_IDENTIFIER = com.sem3.SegmentWithApi;
				PRODUCT_NAME = "$(TARGET_NAME)";
				SWIFT_EMIT_LOC_STRINGS = YES;
				SWIFT_VERSION = 5.0;
				TARGETED_DEVICE_FAMILY = "1,2";
			};
			name = Release;
		};
/* End XCBuildConfiguration section */

/* Begin XCConfigurationList section */
		5534D93B2CFEBAA400E20A31 /* Build configuration list for PBXProject "SegmentWithApi" */ = {
			isa = XCConfigurationList;
			buildConfigurations = (
				5534D9552CFEBAA500E20A31 /* Debug */,
				5534D9562CFEBAA500E20A31 /* Release */,
			);
			defaultConfigurationIsVisible = 0;
			defaultConfigurationName = Release;
		};
		5534D9572CFEBAA500E20A31 /* Build configuration list for PBXNativeTarget "SegmentWithApi" */ = {
			isa = XCConfigurationList;
			buildConfigurations = (
				5534D9582CFEBAA500E20A31 /* Debug */,
				5534D9592CFEBAA500E20A31 /* Release */,
			);
			defaultConfigurationIsVisible = 0;
			defaultConfigurationName = Release;
		};
/* End XCConfigurationList section */

/* Begin XCRemoteSwiftPackageReference section */
		5534D95F2CFEC5C000E20A31 /* XCRemoteSwiftPackageReference "Alamofire" */ = {
			isa = XCRemoteSwiftPackageReference;
			repositoryURL = "https://github.com/Alamofire/Alamofire.git";
			requirement = {
				kind = exactVersion;
				version = 5.8.0;
			};
		};
/* End XCRemoteSwiftPackageReference section */

/* Begin XCSwiftPackageProductDependency section */
		5534D9602CFEC5C000E20A31 /* Alamofire */ = {
			isa = XCSwiftPackageProductDependency;
			package = 5534D95F2CFEC5C000E20A31 /* XCRemoteSwiftPackageReference "Alamofire" */;
			productName = Alamofire;
		};
/* End XCSwiftPackageProductDependency section */

/* Begin XCVersionGroup section */
		5534D94C2CFEBAA400E20A31 /* SegmentWithApi.xcdatamodeld */ = {
			isa = XCVersionGroup;
			children = (
				5534D94D2CFEBAA400E20A31 /* SegmentWithApi.xcdatamodel */,
			);
			currentVersion = 5534D94D2CFEBAA400E20A31 /* SegmentWithApi.xcdatamodel */;
			path = SegmentWithApi.xcdatamodeld;
			sourceTree = "<group>";
			versionGroupType = wrapper.xcdatamodel;
		};
/* End XCVersionGroup section */
	};
	rootObject = 5534D9382CFEBAA400E20A31 /* Project object */;
}
